
Microsoft Visual Studio Solution File, Format Version 12.00
# Visual Studio Version 17
VisualStudioVersion = 17.11.35303.130
MinimumVisualStudioVersion = 10.0.40219.1
Project("{8BC9CEB8-8B4A-11D0-8D11-00A0C91BC942}") = "Toy", "Toy\Toy.vcxproj", "{CE88CFB8-F480-4EAD-B13E-D54C92E8FDE8}"
	ProjectSection(ProjectDependencies) = postProject
		{C6B3E223-6088-38D8-97B8-0D1316A11012} = {C6B3E223-6088-38D8-97B8-0D1316A11012}
	EndProjectSection
EndProject
Project("{8BC9CEB8-8B4A-11D0-8D11-00A0C91BC942}") = "App", "App\App.vcxproj", "{F174F0E5-1C59-4CCA-835C-AD7CF3E37C4F}"
	ProjectSection(ProjectDependencies) = postProject
		{CE88CFB8-F480-4EAD-B13E-D54C92E8FDE8} = {CE88CFB8-F480-4EAD-B13E-D54C92E8FDE8}
	EndProjectSection
EndProject
Project("{8BC9CEB8-8B4A-11D0-8D11-00A0C91BC942}") = "DirectXTK12", "DirectXTK12\DirectXTK_Desktop_2022_Win10.vcxproj", "{3E0E8608-CD9B-4C76-AF33-29CA38F2C9F0}"
EndProject
Project("{2150E333-8FDC-42A3-9474-1A3956D46DE8}") = "솔루션 항목", "솔루션 항목", "{9D964831-B544-45EB-B3CA-3C2AA6DF3FBE}"
	ProjectSection(SolutionItems) = preProject
		Concept.txt = Concept.txt
		Imgui.txt = Imgui.txt
		Problem.txt = Problem.txt
		Todo.txt = Todo.txt
	EndProjectSection
EndProject
Project("{8BC9CEB8-8B4A-11D0-8D11-00A0C91BC942}") = "GoogleTestLib", "GoogleTestLib\GoogleTestLib.vcxproj", "{D35ACB5A-C588-45C9-AE36-D6802A812A75}"
EndProject
Project("{8BC9CEB8-8B4A-11D0-8D11-00A0C91BC942}") = "ToyTest", "ToyTest\ToyTest.vcxproj", "{6AF974ED-793D-4358-8050-718DB6D37275}"
	ProjectSection(ProjectDependencies) = postProject
		{C6B3E223-6088-38D8-97B8-0D1316A11012} = {C6B3E223-6088-38D8-97B8-0D1316A11012}
	EndProjectSection
EndProject
Project("{2150E333-8FDC-42A3-9474-1A3956D46DE8}") = "Include", "Include", "{69C6CF77-41C4-4FCE-AC9B-6B5223B97BE3}"
	ProjectSection(SolutionItems) = preProject
		Include\d3dx12.h = Include\d3dx12.h
		Include\IComponent.h = Include\IComponent.h
		Include\IRenderer.h = Include\IRenderer.h
		Include\ITextureBinder.h = Include\ITextureBinder.h
		Include\TypeAliases.h = Include\TypeAliases.h
	EndProjectSection
EndProject
Project("{8BC9CEB8-8B4A-11D0-8D11-00A0C91BC942}") = "Core", "Core\Core.vcxproj", "{60E13BBA-4299-40F7-8FC1-C9E1928486F4}"
EndProject
Project("{8BC9CEB8-8B4A-11D0-8D11-00A0C91BC942}") = "Tool", "Tool\Tool.vcxproj", "{07505E89-7126-4BAA-8E8F-603AD9E53555}"
EndProject
Project("{8BC9CEB8-8B4A-11D0-8D11-00A0C91BC942}") = "Imgui", "Imgui\Imgui.vcxproj", "{A3B677A0-27E1-4A53-9761-AB4F496DC1CF}"
EndProject
Project("{2150E333-8FDC-42A3-9474-1A3956D46DE8}") = "Resources", "Resources", "{AD3BD3D6-5998-44E9-9FBB-3036694D9022}"
EndProject
Project("{2150E333-8FDC-42A3-9474-1A3956D46DE8}") = "UI", "UI", "{2F6D95B4-BF9C-4F0C-B3BC-86DD6103F912}"
EndProject
Project("{2150E333-8FDC-42A3-9474-1A3956D46DE8}") = "Data", "Data", "{980E4560-95EA-456C-8F2C-490C0D152447}"
	ProjectSection(SolutionItems) = preProject
		Resources\UI\Data\Dialog.json = Resources\UI\Data\Dialog.json
		Resources\UI\Data\FirstScene.json = Resources\UI\Data\FirstScene.json
	EndProjectSection
EndProject
Project("{8BC9CEB8-8B4A-11D0-8D11-00A0C91BC942}") = "Common", "Common\Common.vcxproj", "{A9D428F9-8CED-42B2-AD67-3E2A3E8C08FF}"
EndProject
Project("{8BC9CEB8-8B4A-11D0-8D11-00A0C91BC942}") = "TracyClient", "Tracy\vs_project\TracyClient.vcxproj", "{C6B3E223-6088-38D8-97B8-0D1316A11012}"
EndProject
Global
	GlobalSection(SolutionConfigurationPlatforms) = preSolution
		Debug|ARM64 = Debug|ARM64
		Debug|x64 = Debug|x64
		Debug|x86 = Debug|x86
		Release|ARM64 = Release|ARM64
		Release|x64 = Release|x64
		Release|x86 = Release|x86
	EndGlobalSection
	GlobalSection(ProjectConfigurationPlatforms) = postSolution
		{CE88CFB8-F480-4EAD-B13E-D54C92E8FDE8}.Debug|ARM64.ActiveCfg = Debug|x64
		{CE88CFB8-F480-4EAD-B13E-D54C92E8FDE8}.Debug|ARM64.Build.0 = Debug|x64
		{CE88CFB8-F480-4EAD-B13E-D54C92E8FDE8}.Debug|x64.ActiveCfg = Debug|x64
		{CE88CFB8-F480-4EAD-B13E-D54C92E8FDE8}.Debug|x64.Build.0 = Debug|x64
		{CE88CFB8-F480-4EAD-B13E-D54C92E8FDE8}.Debug|x86.ActiveCfg = Debug|Win32
		{CE88CFB8-F480-4EAD-B13E-D54C92E8FDE8}.Debug|x86.Build.0 = Debug|Win32
		{CE88CFB8-F480-4EAD-B13E-D54C92E8FDE8}.Release|ARM64.ActiveCfg = Release|x64
		{CE88CFB8-F480-4EAD-B13E-D54C92E8FDE8}.Release|ARM64.Build.0 = Release|x64
		{CE88CFB8-F480-4EAD-B13E-D54C92E8FDE8}.Release|x64.ActiveCfg = Release|x64
		{CE88CFB8-F480-4EAD-B13E-D54C92E8FDE8}.Release|x64.Build.0 = Release|x64
		{CE88CFB8-F480-4EAD-B13E-D54C92E8FDE8}.Release|x86.ActiveCfg = Release|Win32
		{CE88CFB8-F480-4EAD-B13E-D54C92E8FDE8}.Release|x86.Build.0 = Release|Win32
		{F174F0E5-1C59-4CCA-835C-AD7CF3E37C4F}.Debug|ARM64.ActiveCfg = Debug|x64
		{F174F0E5-1C59-4CCA-835C-AD7CF3E37C4F}.Debug|ARM64.Build.0 = Debug|x64
		{F174F0E5-1C59-4CCA-835C-AD7CF3E37C4F}.Debug|x64.ActiveCfg = Debug|x64
		{F174F0E5-1C59-4CCA-835C-AD7CF3E37C4F}.Debug|x64.Build.0 = Debug|x64
		{F174F0E5-1C59-4CCA-835C-AD7CF3E37C4F}.Debug|x86.ActiveCfg = Debug|Win32
		{F174F0E5-1C59-4CCA-835C-AD7CF3E37C4F}.Debug|x86.Build.0 = Debug|Win32
		{F174F0E5-1C59-4CCA-835C-AD7CF3E37C4F}.Release|ARM64.ActiveCfg = Release|x64
		{F174F0E5-1C59-4CCA-835C-AD7CF3E37C4F}.Release|ARM64.Build.0 = Release|x64
		{F174F0E5-1C59-4CCA-835C-AD7CF3E37C4F}.Release|x64.ActiveCfg = Release|x64
		{F174F0E5-1C59-4CCA-835C-AD7CF3E37C4F}.Release|x64.Build.0 = Release|x64
		{F174F0E5-1C59-4CCA-835C-AD7CF3E37C4F}.Release|x86.ActiveCfg = Release|Win32
		{F174F0E5-1C59-4CCA-835C-AD7CF3E37C4F}.Release|x86.Build.0 = Release|Win32
		{3E0E8608-CD9B-4C76-AF33-29CA38F2C9F0}.Debug|ARM64.ActiveCfg = Debug|ARM64
		{3E0E8608-CD9B-4C76-AF33-29CA38F2C9F0}.Debug|ARM64.Build.0 = Debug|ARM64
		{3E0E8608-CD9B-4C76-AF33-29CA38F2C9F0}.Debug|x64.ActiveCfg = Debug|x64
		{3E0E8608-CD9B-4C76-AF33-29CA38F2C9F0}.Debug|x64.Build.0 = Debug|x64
		{3E0E8608-CD9B-4C76-AF33-29CA38F2C9F0}.Debug|x86.ActiveCfg = Debug|Win32
		{3E0E8608-CD9B-4C76-AF33-29CA38F2C9F0}.Debug|x86.Build.0 = Debug|Win32
		{3E0E8608-CD9B-4C76-AF33-29CA38F2C9F0}.Release|ARM64.ActiveCfg = Release|ARM64
		{3E0E8608-CD9B-4C76-AF33-29CA38F2C9F0}.Release|ARM64.Build.0 = Release|ARM64
		{3E0E8608-CD9B-4C76-AF33-29CA38F2C9F0}.Release|x64.ActiveCfg = Release|x64
		{3E0E8608-CD9B-4C76-AF33-29CA38F2C9F0}.Release|x64.Build.0 = Release|x64
		{3E0E8608-CD9B-4C76-AF33-29CA38F2C9F0}.Release|x86.ActiveCfg = Release|Win32
		{3E0E8608-CD9B-4C76-AF33-29CA38F2C9F0}.Release|x86.Build.0 = Release|Win32
		{D35ACB5A-C588-45C9-AE36-D6802A812A75}.Debug|ARM64.ActiveCfg = Debug|x64
		{D35ACB5A-C588-45C9-AE36-D6802A812A75}.Debug|ARM64.Build.0 = Debug|x64
		{D35ACB5A-C588-45C9-AE36-D6802A812A75}.Debug|x64.ActiveCfg = Debug|x64
		{D35ACB5A-C588-45C9-AE36-D6802A812A75}.Debug|x64.Build.0 = Debug|x64
		{D35ACB5A-C588-45C9-AE36-D6802A812A75}.Debug|x86.ActiveCfg = Debug|Win32
		{D35ACB5A-C588-45C9-AE36-D6802A812A75}.Debug|x86.Build.0 = Debug|Win32
		{D35ACB5A-C588-45C9-AE36-D6802A812A75}.Release|ARM64.ActiveCfg = Release|x64
		{D35ACB5A-C588-45C9-AE36-D6802A812A75}.Release|ARM64.Build.0 = Release|x64
		{D35ACB5A-C588-45C9-AE36-D6802A812A75}.Release|x64.ActiveCfg = Release|x64
		{D35ACB5A-C588-45C9-AE36-D6802A812A75}.Release|x64.Build.0 = Release|x64
		{D35ACB5A-C588-45C9-AE36-D6802A812A75}.Release|x86.ActiveCfg = Release|Win32
		{D35ACB5A-C588-45C9-AE36-D6802A812A75}.Release|x86.Build.0 = Release|Win32
		{6AF974ED-793D-4358-8050-718DB6D37275}.Debug|ARM64.ActiveCfg = Debug|x64
		{6AF974ED-793D-4358-8050-718DB6D37275}.Debug|ARM64.Build.0 = Debug|x64
		{6AF974ED-793D-4358-8050-718DB6D37275}.Debug|x64.ActiveCfg = Debug|x64
		{6AF974ED-793D-4358-8050-718DB6D37275}.Debug|x64.Build.0 = Debug|x64
		{6AF974ED-793D-4358-8050-718DB6D37275}.Debug|x86.ActiveCfg = Debug|Win32
		{6AF974ED-793D-4358-8050-718DB6D37275}.Debug|x86.Build.0 = Debug|Win32
		{6AF974ED-793D-4358-8050-718DB6D37275}.Release|ARM64.ActiveCfg = Release|x64
		{6AF974ED-793D-4358-8050-718DB6D37275}.Release|ARM64.Build.0 = Release|x64
		{6AF974ED-793D-4358-8050-718DB6D37275}.Release|x64.ActiveCfg = Release|x64
		{6AF974ED-793D-4358-8050-718DB6D37275}.Release|x64.Build.0 = Release|x64
		{6AF974ED-793D-4358-8050-718DB6D37275}.Release|x86.ActiveCfg = Release|Win32
		{6AF974ED-793D-4358-8050-718DB6D37275}.Release|x86.Build.0 = Release|Win32
		{60E13BBA-4299-40F7-8FC1-C9E1928486F4}.Debug|ARM64.ActiveCfg = Debug|x64
		{60E13BBA-4299-40F7-8FC1-C9E1928486F4}.Debug|ARM64.Build.0 = Debug|x64
		{60E13BBA-4299-40F7-8FC1-C9E1928486F4}.Debug|x64.ActiveCfg = Debug|x64
		{60E13BBA-4299-40F7-8FC1-C9E1928486F4}.Debug|x64.Build.0 = Debug|x64
		{60E13BBA-4299-40F7-8FC1-C9E1928486F4}.Debug|x86.ActiveCfg = Debug|Win32
		{60E13BBA-4299-40F7-8FC1-C9E1928486F4}.Debug|x86.Build.0 = Debug|Win32
		{60E13BBA-4299-40F7-8FC1-C9E1928486F4}.Release|ARM64.ActiveCfg = Release|x64
		{60E13BBA-4299-40F7-8FC1-C9E1928486F4}.Release|ARM64.Build.0 = Release|x64
		{60E13BBA-4299-40F7-8FC1-C9E1928486F4}.Release|x64.ActiveCfg = Release|x64
		{60E13BBA-4299-40F7-8FC1-C9E1928486F4}.Release|x64.Build.0 = Release|x64
		{60E13BBA-4299-40F7-8FC1-C9E1928486F4}.Release|x86.ActiveCfg = Release|Win32
		{60E13BBA-4299-40F7-8FC1-C9E1928486F4}.Release|x86.Build.0 = Release|Win32
		{07505E89-7126-4BAA-8E8F-603AD9E53555}.Debug|ARM64.ActiveCfg = Debug|x64
		{07505E89-7126-4BAA-8E8F-603AD9E53555}.Debug|ARM64.Build.0 = Debug|x64
		{07505E89-7126-4BAA-8E8F-603AD9E53555}.Debug|x64.ActiveCfg = Debug|x64
		{07505E89-7126-4BAA-8E8F-603AD9E53555}.Debug|x64.Build.0 = Debug|x64
		{07505E89-7126-4BAA-8E8F-603AD9E53555}.Debug|x86.ActiveCfg = Debug|Win32
		{07505E89-7126-4BAA-8E8F-603AD9E53555}.Debug|x86.Build.0 = Debug|Win32
		{07505E89-7126-4BAA-8E8F-603AD9E53555}.Release|ARM64.ActiveCfg = Release|x64
		{07505E89-7126-4BAA-8E8F-603AD9E53555}.Release|ARM64.Build.0 = Release|x64
		{07505E89-7126-4BAA-8E8F-603AD9E53555}.Release|x64.ActiveCfg = Release|x64
		{07505E89-7126-4BAA-8E8F-603AD9E53555}.Release|x64.Build.0 = Release|x64
		{07505E89-7126-4BAA-8E8F-603AD9E53555}.Release|x86.ActiveCfg = Release|Win32
		{07505E89-7126-4BAA-8E8F-603AD9E53555}.Release|x86.Build.0 = Release|Win32
		{A3B677A0-27E1-4A53-9761-AB4F496DC1CF}.Debug|ARM64.ActiveCfg = Debug|x64
		{A3B677A0-27E1-4A53-9761-AB4F496DC1CF}.Debug|ARM64.Build.0 = Debug|x64
		{A3B677A0-27E1-4A53-9761-AB4F496DC1CF}.Debug|x64.ActiveCfg = Debug|x64
		{A3B677A0-27E1-4A53-9761-AB4F496DC1CF}.Debug|x64.Build.0 = Debug|x64
		{A3B677A0-27E1-4A53-9761-AB4F496DC1CF}.Debug|x86.ActiveCfg = Debug|Win32
		{A3B677A0-27E1-4A53-9761-AB4F496DC1CF}.Debug|x86.Build.0 = Debug|Win32
		{A3B677A0-27E1-4A53-9761-AB4F496DC1CF}.Release|ARM64.ActiveCfg = Release|x64
		{A3B677A0-27E1-4A53-9761-AB4F496DC1CF}.Release|ARM64.Build.0 = Release|x64
		{A3B677A0-27E1-4A53-9761-AB4F496DC1CF}.Release|x64.ActiveCfg = Release|x64
		{A3B677A0-27E1-4A53-9761-AB4F496DC1CF}.Release|x64.Build.0 = Release|x64
		{A3B677A0-27E1-4A53-9761-AB4F496DC1CF}.Release|x86.ActiveCfg = Release|Win32
		{A3B677A0-27E1-4A53-9761-AB4F496DC1CF}.Release|x86.Build.0 = Release|Win32
		{A9D428F9-8CED-42B2-AD67-3E2A3E8C08FF}.Debug|ARM64.ActiveCfg = Debug|x64
		{A9D428F9-8CED-42B2-AD67-3E2A3E8C08FF}.Debug|ARM64.Build.0 = Debug|x64
		{A9D428F9-8CED-42B2-AD67-3E2A3E8C08FF}.Debug|x64.ActiveCfg = Debug|x64
		{A9D428F9-8CED-42B2-AD67-3E2A3E8C08FF}.Debug|x64.Build.0 = Debug|x64
		{A9D428F9-8CED-42B2-AD67-3E2A3E8C08FF}.Debug|x86.ActiveCfg = Debug|Win32
		{A9D428F9-8CED-42B2-AD67-3E2A3E8C08FF}.Debug|x86.Build.0 = Debug|Win32
		{A9D428F9-8CED-42B2-AD67-3E2A3E8C08FF}.Release|ARM64.ActiveCfg = Release|x64
		{A9D428F9-8CED-42B2-AD67-3E2A3E8C08FF}.Release|ARM64.Build.0 = Release|x64
		{A9D428F9-8CED-42B2-AD67-3E2A3E8C08FF}.Release|x64.ActiveCfg = Release|x64
		{A9D428F9-8CED-42B2-AD67-3E2A3E8C08FF}.Release|x64.Build.0 = Release|x64
		{A9D428F9-8CED-42B2-AD67-3E2A3E8C08FF}.Release|x86.ActiveCfg = Release|Win32
		{A9D428F9-8CED-42B2-AD67-3E2A3E8C08FF}.Release|x86.Build.0 = Release|Win32
		{C6B3E223-6088-38D8-97B8-0D1316A11012}.Debug|ARM64.ActiveCfg = Debug|x64
		{C6B3E223-6088-38D8-97B8-0D1316A11012}.Debug|ARM64.Build.0 = Debug|x64
		{C6B3E223-6088-38D8-97B8-0D1316A11012}.Debug|x64.ActiveCfg = Debug|x64
		{C6B3E223-6088-38D8-97B8-0D1316A11012}.Debug|x64.Build.0 = Debug|x64
		{C6B3E223-6088-38D8-97B8-0D1316A11012}.Debug|x86.ActiveCfg = Debug|x64
		{C6B3E223-6088-38D8-97B8-0D1316A11012}.Debug|x86.Build.0 = Debug|x64
		{C6B3E223-6088-38D8-97B8-0D1316A11012}.Release|ARM64.ActiveCfg = Release|x64
		{C6B3E223-6088-38D8-97B8-0D1316A11012}.Release|ARM64.Build.0 = Release|x64
		{C6B3E223-6088-38D8-97B8-0D1316A11012}.Release|x64.ActiveCfg = Release|x64
		{C6B3E223-6088-38D8-97B8-0D1316A11012}.Release|x64.Build.0 = Release|x64
		{C6B3E223-6088-38D8-97B8-0D1316A11012}.Release|x86.ActiveCfg = Release|x64
		{C6B3E223-6088-38D8-97B8-0D1316A11012}.Release|x86.Build.0 = Release|x64
	EndGlobalSection
	GlobalSection(SolutionProperties) = preSolution
		HideSolutionNode = FALSE
	EndGlobalSection
	GlobalSection(NestedProjects) = preSolution
		{2F6D95B4-BF9C-4F0C-B3BC-86DD6103F912} = {AD3BD3D6-5998-44E9-9FBB-3036694D9022}
		{980E4560-95EA-456C-8F2C-490C0D152447} = {2F6D95B4-BF9C-4F0C-B3BC-86DD6103F912}
	EndGlobalSection
	GlobalSection(ExtensibilityGlobals) = postSolution
		SolutionGuid = {35807A15-5062-42E4-936C-F8ACC058435B}
	EndGlobalSection
EndGlobal
