
Microsoft Visual Studio Solution File, Format Version 12.00
# Visual Studio Version 17
VisualStudioVersion = 17.11.35303.130
MinimumVisualStudioVersion = 10.0.40219.1
Project("{8BC9CEB8-8B4A-11D0-8D11-00A0C91BC942}") = "Toy", "Toy\Toy.vcxproj", "{CE88CFB8-F480-4EAD-B13E-D54C92E8FDE8}"
EndProject
Project("{8BC9CEB8-8B4A-11D0-8D11-00A0C91BC942}") = "App", "App\App.vcxproj", "{F174F0E5-1C59-4CCA-835C-AD7CF3E37C4F}"
	ProjectSection(ProjectDependencies) = postProject
		{CE88CFB8-F480-4EAD-B13E-D54C92E8FDE8} = {CE88CFB8-F480-4EAD-B13E-D54C92E8FDE8}
	EndProjectSection
EndProject
Project("{8BC9CEB8-8B4A-11D0-8D11-00A0C91BC942}") = "DirectXTK12", "DirectXTK12\DirectXTK_Desktop_2022_Win10.vcxproj", "{3E0E8608-CD9B-4C76-AF33-29CA38F2C9F0}"
EndProject
Project("{2150E333-8FDC-42A3-9474-1A3956D46DE8}") = "솔루션 항목", "솔루션 항목", "{9D964831-B544-45EB-B3CA-3C2AA6DF3FBE}"
	ProjectSection(SolutionItems) = preProject
		Problem.txt = Problem.txt
		Todo.txt = Todo.txt
	EndProjectSection
EndProject
Project("{8BC9CEB8-8B4A-11D0-8D11-00A0C91BC942}") = "GoogleTestLib", "GoogleTestLib\GoogleTestLib.vcxproj", "{D35ACB5A-C588-45C9-AE36-D6802A812A75}"
EndProject
Project("{8BC9CEB8-8B4A-11D0-8D11-00A0C91BC942}") = "ToyTest", "ToyTest\ToyTest.vcxproj", "{6AF974ED-793D-4358-8050-718DB6D37275}"
EndProject
Global
	GlobalSection(SolutionConfigurationPlatforms) = preSolution
		Debug|ARM64 = Debug|ARM64
		Debug|x64 = Debug|x64
		Debug|x86 = Debug|x86
		Release|ARM64 = Release|ARM64
		Release|x64 = Release|x64
		Release|x86 = Release|x86
	EndGlobalSection
	GlobalSection(ProjectConfigurationPlatforms) = postSolution
		{CE88CFB8-F480-4EAD-B13E-D54C92E8FDE8}.Debug|ARM64.ActiveCfg = Debug|x64
		{CE88CFB8-F480-4EAD-B13E-D54C92E8FDE8}.Debug|ARM64.Build.0 = Debug|x64
		{CE88CFB8-F480-4EAD-B13E-D54C92E8FDE8}.Debug|x64.ActiveCfg = Debug|x64
		{CE88CFB8-F480-4EAD-B13E-D54C92E8FDE8}.Debug|x64.Build.0 = Debug|x64
		{CE88CFB8-F480-4EAD-B13E-D54C92E8FDE8}.Debug|x86.ActiveCfg = Debug|Win32
		{CE88CFB8-F480-4EAD-B13E-D54C92E8FDE8}.Debug|x86.Build.0 = Debug|Win32
		{CE88CFB8-F480-4EAD-B13E-D54C92E8FDE8}.Release|ARM64.ActiveCfg = Release|x64
		{CE88CFB8-F480-4EAD-B13E-D54C92E8FDE8}.Release|ARM64.Build.0 = Release|x64
		{CE88CFB8-F480-4EAD-B13E-D54C92E8FDE8}.Release|x64.ActiveCfg = Release|x64
		{CE88CFB8-F480-4EAD-B13E-D54C92E8FDE8}.Release|x64.Build.0 = Release|x64
		{CE88CFB8-F480-4EAD-B13E-D54C92E8FDE8}.Release|x86.ActiveCfg = Release|Win32
		{CE88CFB8-F480-4EAD-B13E-D54C92E8FDE8}.Release|x86.Build.0 = Release|Win32
		{F174F0E5-1C59-4CCA-835C-AD7CF3E37C4F}.Debug|ARM64.ActiveCfg = Debug|x64
		{F174F0E5-1C59-4CCA-835C-AD7CF3E37C4F}.Debug|ARM64.Build.0 = Debug|x64
		{F174F0E5-1C59-4CCA-835C-AD7CF3E37C4F}.Debug|x64.ActiveCfg = Debug|x64
		{F174F0E5-1C59-4CCA-835C-AD7CF3E37C4F}.Debug|x64.Build.0 = Debug|x64
		{F174F0E5-1C59-4CCA-835C-AD7CF3E37C4F}.Debug|x86.ActiveCfg = Debug|Win32
		{F174F0E5-1C59-4CCA-835C-AD7CF3E37C4F}.Debug|x86.Build.0 = Debug|Win32
		{F174F0E5-1C59-4CCA-835C-AD7CF3E37C4F}.Release|ARM64.ActiveCfg = Release|x64
		{F174F0E5-1C59-4CCA-835C-AD7CF3E37C4F}.Release|ARM64.Build.0 = Release|x64
		{F174F0E5-1C59-4CCA-835C-AD7CF3E37C4F}.Release|x64.ActiveCfg = Release|x64
		{F174F0E5-1C59-4CCA-835C-AD7CF3E37C4F}.Release|x64.Build.0 = Release|x64
		{F174F0E5-1C59-4CCA-835C-AD7CF3E37C4F}.Release|x86.ActiveCfg = Release|Win32
		{F174F0E5-1C59-4CCA-835C-AD7CF3E37C4F}.Release|x86.Build.0 = Release|Win32
		{3E0E8608-CD9B-4C76-AF33-29CA38F2C9F0}.Debug|ARM64.ActiveCfg = Debug|ARM64
		{3E0E8608-CD9B-4C76-AF33-29CA38F2C9F0}.Debug|ARM64.Build.0 = Debug|ARM64
		{3E0E8608-CD9B-4C76-AF33-29CA38F2C9F0}.Debug|x64.ActiveCfg = Debug|x64
		{3E0E8608-CD9B-4C76-AF33-29CA38F2C9F0}.Debug|x64.Build.0 = Debug|x64
		{3E0E8608-CD9B-4C76-AF33-29CA38F2C9F0}.Debug|x86.ActiveCfg = Debug|Win32
		{3E0E8608-CD9B-4C76-AF33-29CA38F2C9F0}.Debug|x86.Build.0 = Debug|Win32
		{3E0E8608-CD9B-4C76-AF33-29CA38F2C9F0}.Release|ARM64.ActiveCfg = Release|ARM64
		{3E0E8608-CD9B-4C76-AF33-29CA38F2C9F0}.Release|ARM64.Build.0 = Release|ARM64
		{3E0E8608-CD9B-4C76-AF33-29CA38F2C9F0}.Release|x64.ActiveCfg = Release|x64
		{3E0E8608-CD9B-4C76-AF33-29CA38F2C9F0}.Release|x64.Build.0 = Release|x64
		{3E0E8608-CD9B-4C76-AF33-29CA38F2C9F0}.Release|x86.ActiveCfg = Release|Win32
		{3E0E8608-CD9B-4C76-AF33-29CA38F2C9F0}.Release|x86.Build.0 = Release|Win32
		{D35ACB5A-C588-45C9-AE36-D6802A812A75}.Debug|ARM64.ActiveCfg = Debug|x64
		{D35ACB5A-C588-45C9-AE36-D6802A812A75}.Debug|ARM64.Build.0 = Debug|x64
		{D35ACB5A-C588-45C9-AE36-D6802A812A75}.Debug|x64.ActiveCfg = Debug|x64
		{D35ACB5A-C588-45C9-AE36-D6802A812A75}.Debug|x64.Build.0 = Debug|x64
		{D35ACB5A-C588-45C9-AE36-D6802A812A75}.Debug|x86.ActiveCfg = Debug|Win32
		{D35ACB5A-C588-45C9-AE36-D6802A812A75}.Debug|x86.Build.0 = Debug|Win32
		{D35ACB5A-C588-45C9-AE36-D6802A812A75}.Release|ARM64.ActiveCfg = Release|x64
		{D35ACB5A-C588-45C9-AE36-D6802A812A75}.Release|ARM64.Build.0 = Release|x64
		{D35ACB5A-C588-45C9-AE36-D6802A812A75}.Release|x64.ActiveCfg = Release|x64
		{D35ACB5A-C588-45C9-AE36-D6802A812A75}.Release|x64.Build.0 = Release|x64
		{D35ACB5A-C588-45C9-AE36-D6802A812A75}.Release|x86.ActiveCfg = Release|Win32
		{D35ACB5A-C588-45C9-AE36-D6802A812A75}.Release|x86.Build.0 = Release|Win32
		{6AF974ED-793D-4358-8050-718DB6D37275}.Debug|ARM64.ActiveCfg = Debug|x64
		{6AF974ED-793D-4358-8050-718DB6D37275}.Debug|ARM64.Build.0 = Debug|x64
		{6AF974ED-793D-4358-8050-718DB6D37275}.Debug|x64.ActiveCfg = Debug|x64
		{6AF974ED-793D-4358-8050-718DB6D37275}.Debug|x64.Build.0 = Debug|x64
		{6AF974ED-793D-4358-8050-718DB6D37275}.Debug|x86.ActiveCfg = Debug|Win32
		{6AF974ED-793D-4358-8050-718DB6D37275}.Debug|x86.Build.0 = Debug|Win32
		{6AF974ED-793D-4358-8050-718DB6D37275}.Release|ARM64.ActiveCfg = Release|x64
		{6AF974ED-793D-4358-8050-718DB6D37275}.Release|ARM64.Build.0 = Release|x64
		{6AF974ED-793D-4358-8050-718DB6D37275}.Release|x64.ActiveCfg = Release|x64
		{6AF974ED-793D-4358-8050-718DB6D37275}.Release|x64.Build.0 = Release|x64
		{6AF974ED-793D-4358-8050-718DB6D37275}.Release|x86.ActiveCfg = Release|Win32
		{6AF974ED-793D-4358-8050-718DB6D37275}.Release|x86.Build.0 = Release|Win32
	EndGlobalSection
	GlobalSection(SolutionProperties) = preSolution
		HideSolutionNode = FALSE
	EndGlobalSection
	GlobalSection(ExtensibilityGlobals) = postSolution
		SolutionGuid = {35807A15-5062-42E4-936C-F8ACC058435B}
	EndGlobalSection
EndGlobal
