<?xml version="1.0" encoding="utf-8"?>
<Project ToolsVersion="4.0" xmlns="http://schemas.microsoft.com/developer/msbuild/2003">
  <ItemGroup>
    <ClCompile Include="Main.cpp" />
    <ClCompile Include="pch.cpp" />
    <ClCompile Include="Utility\Client.cpp">
      <Filter>ThirdParty\Utility</Filter>
    </ClCompile>
    <ClCompile Include="Utility\Core.cpp">
      <Filter>ThirdParty\Utility</Filter>
    </ClCompile>
    <ClCompile Include="CodeLab\CPP.cpp">
      <Filter>CodeLab</Filter>
    </ClCompile>
    <ClCompile Include="CodeLab\Pattern.cpp">
      <Filter>CodeLab</Filter>
    </ClCompile>
    <ClCompile Include="ThirdParty\SDL3_Audio.cpp">
      <Filter>ThirdParty</Filter>
    </ClCompile>
    <ClCompile Include="Integration\Application.cpp">
      <Filter>Integration</Filter>
    </ClCompile>
    <ClCompile Include="Integration\TracyBenchmark.cpp">
      <Filter>Integration</Filter>
    </ClCompile>
    <ClCompile Include="Fixture\Fixture.cpp">
      <Filter>Fixture</Filter>
    </ClCompile>
    <ClCompile Include="ThirdParty\DirectXTK12.cpp">
      <Filter>ThirdParty</Filter>
    </ClCompile>
    <ClCompile Include="ThirdParty\SDL3_AudioManager.cpp">
      <Filter>ThirdParty</Filter>
    </ClCompile>
  </ItemGroup>
  <ItemGroup>
    <ClInclude Include="Main.h" />
    <ClInclude Include="pch.h" />
    <ClInclude Include="Fixture\Fixture.h">
      <Filter>Fixture</Filter>
    </ClInclude>
    <ClInclude Include="Fixture\FixtureSuite.h">
      <Filter>Fixture</Filter>
    </ClInclude>
    <ClInclude Include="ThirdParty\SDL3_AudioManager.h">
      <Filter>ThirdParty</Filter>
    </ClInclude>
    <ClInclude Include="ThirdParty\SDL3_Audio.h">
      <Filter>ThirdParty</Filter>
    </ClInclude>
  </ItemGroup>
  <ItemGroup>
    <Filter Include="CodeLab">
      <UniqueIdentifier>{53c43b35-8083-430c-9608-86a93ad10dfa}</UniqueIdentifier>
    </Filter>
    <Filter Include="ThirdParty">
      <UniqueIdentifier>{24c22bd5-da3f-4f5d-a594-935f59f0d769}</UniqueIdentifier>
    </Filter>
    <Filter Include="Integration">
      <UniqueIdentifier>{d60127f4-3b09-4ce7-8f78-499ee134be62}</UniqueIdentifier>
    </Filter>
    <Filter Include="Fixture">
      <UniqueIdentifier>{6d06ef55-3c7a-457e-abf2-f26e6f51d34c}</UniqueIdentifier>
    </Filter>
    <Filter Include="ThirdParty\Utility">
      <UniqueIdentifier>{19bf971a-b062-4824-ac01-9d5dfef17688}</UniqueIdentifier>
    </Filter>
  </ItemGroup>
</Project>