<?xml version="1.0" encoding="utf-8"?>
<Project ToolsVersion="4.0" xmlns="http://schemas.microsoft.com/developer/msbuild/2003">
  <ItemGroup>
    <Filter Include="TextureRepository">
      <UniqueIdentifier>{67DA6AB6-F800-4c08-8B7A-83BB121AAD01}</UniqueIdentifier>
      <Extensions>rc;ico;cur;bmp;dlg;rc2;rct;bin;rgs;gif;jpg;jpeg;jpe;resx;tiff;tif;png;wav;mfcribbon-ms</Extensions>
    </Filter>
  </ItemGroup>
  <ItemGroup>
    <ClCompile Include="DeviceResources.cpp" />
    <ClCompile Include="pch.cpp" />
    <ClCompile Include="Renderer.cpp" />
    <ClCompile Include="Utility.cpp" />
    <ClCompile Include="Imgui.cpp" />
    <ClCompile Include="TextureRepository\Font.cpp">
      <Filter>TextureRepository</Filter>
    </ClCompile>
    <ClCompile Include="TextureRepository\TextureRenderTarget.cpp">
      <Filter>TextureRepository</Filter>
    </ClCompile>
    <ClCompile Include="TextureRepository\Texture.cpp">
      <Filter>TextureRepository</Filter>
    </ClCompile>
    <ClCompile Include="TextureRepository\TextureRepository.cpp">
      <Filter>TextureRepository</Filter>
    </ClCompile>
    <ClCompile Include="TextureRepository\TextureResource.cpp">
      <Filter>TextureRepository</Filter>
    </ClCompile>
    <ClCompile Include="TextureRepository\TextureHelper.cpp">
      <Filter>TextureRepository</Filter>
    </ClCompile>
  </ItemGroup>
  <ItemGroup>
    <ClInclude Include="DeviceResources.h" />
    <ClInclude Include="pch.h" />
    <ClInclude Include="Renderer.h" />
    <ClInclude Include="Utility.h" />
    <ClInclude Include="IDeviceNotify.h" />
    <ClInclude Include="Imgui.h" />
    <ClInclude Include="Setting.h" />
    <ClInclude Include="TextureRepository\Font.h">
      <Filter>TextureRepository</Filter>
    </ClInclude>
    <ClInclude Include="TextureRepository\TextureRenderTarget.h">
      <Filter>TextureRepository</Filter>
    </ClInclude>
    <ClInclude Include="TextureRepository\Texture.h">
      <Filter>TextureRepository</Filter>
    </ClInclude>
    <ClInclude Include="TextureRepository\TextureRepository.h">
      <Filter>TextureRepository</Filter>
    </ClInclude>
    <ClInclude Include="TextureRepository\TextureResource.h">
      <Filter>TextureRepository</Filter>
    </ClInclude>
    <ClInclude Include="TextureRepository\TextureHelper.h">
      <Filter>TextureRepository</Filter>
    </ClInclude>
  </ItemGroup>
</Project>