<?xml version="1.0" encoding="utf-8"?>
<Project ToolsVersion="4.0" xmlns="http://schemas.microsoft.com/developer/msbuild/2003">
  <ItemGroup>
    <ClCompile Include="pch.cpp" />
    <ClCompile Include="Main.cpp" />
    <ClCompile Include="Mocks\MockRenderer.cpp">
      <Filter>Mocks</Filter>
    </ClCompile>
    <ClCompile Include="UserInterface\BasicComponent.cpp">
      <Filter>UserInterface</Filter>
    </ClCompile>
    <ClCompile Include="UserInterface\ComplexComponent.cpp">
      <Filter>UserInterface</Filter>
    </ClCompile>
    <ClCompile Include="UserInterface\ContainerComponent.cpp">
      <Filter>UserInterface</Filter>
    </ClCompile>
    <ClCompile Include="UserInterface\Helper.cpp">
      <Filter>UserInterface</Filter>
    </ClCompile>
    <ClCompile Include="UserInterface\Integration.cpp">
      <Filter>UserInterface</Filter>
    </ClCompile>
    <ClCompile Include="UserInterface\TextureSourceBinderTest.cpp">
      <Filter>UserInterface</Filter>
    </ClCompile>
    <ClCompile Include="UserInterface\TextureSwitcherComponent.cpp">
      <Filter>UserInterface</Filter>
    </ClCompile>
    <ClCompile Include="UserInterface\UndoRedo.cpp">
      <Filter>UserInterface</Filter>
    </ClCompile>
    <ClCompile Include="UserInterface\UIModuleConnection.cpp">
      <Filter>UserInterface</Filter>
    </ClCompile>
    <ClCompile Include="Fixture\Fixture.cpp">
      <Filter>Fixture</Filter>
    </ClCompile>
    <ClCompile Include="Fixture\FixtureSuite.cpp">
      <Filter>Fixture</Filter>
    </ClCompile>
    <ClCompile Include="Prototype\Scene.cpp">
      <Filter>Prototype</Filter>
    </ClCompile>
  </ItemGroup>
  <ItemGroup>
    <ClInclude Include="pch.h" />
    <ClInclude Include="Main.h" />
    <ClInclude Include="Mocks\Stubs\Include\IRendererStub.h">
      <Filter>Mocks\Stubs\Include</Filter>
    </ClInclude>
    <ClInclude Include="Mocks\MockRenderer.h">
      <Filter>Mocks</Filter>
    </ClInclude>
    <ClInclude Include="UserInterface\Helper.h">
      <Filter>UserInterface</Filter>
    </ClInclude>
    <ClInclude Include="Fixture\Fixture.h">
      <Filter>Fixture</Filter>
    </ClInclude>
    <ClInclude Include="Fixture\FixtureSuite.h">
      <Filter>Fixture</Filter>
    </ClInclude>
    <ClInclude Include="Mocks\MockClasses.h">
      <Filter>Mocks</Filter>
    </ClInclude>
  </ItemGroup>
  <ItemGroup>
    <Filter Include="Mocks">
      <UniqueIdentifier>{d282f695-392c-4846-ad3a-0aabc2ee8151}</UniqueIdentifier>
    </Filter>
    <Filter Include="Mocks\Stubs">
      <UniqueIdentifier>{15f7f71f-e9d1-44e8-bf22-19260aedbe62}</UniqueIdentifier>
    </Filter>
    <Filter Include="Mocks\Stubs\Include">
      <UniqueIdentifier>{7a1395a0-7c26-46a8-84cc-28aeb905c270}</UniqueIdentifier>
    </Filter>
    <Filter Include="UserInterface">
      <UniqueIdentifier>{5ad40a19-cd2d-47fa-a2e9-9262e19f4a13}</UniqueIdentifier>
    </Filter>
    <Filter Include="Fixture">
      <UniqueIdentifier>{a7f4fcab-b052-41ca-86cd-ad21fbe7fad6}</UniqueIdentifier>
    </Filter>
    <Filter Include="Prototype">
      <UniqueIdentifier>{c6227d32-c0d1-4eb8-bedb-d41c0c0f6dad}</UniqueIdentifier>
    </Filter>
  </ItemGroup>
</Project>