<?xml version="1.0" encoding="utf-8"?>
<Project ToolsVersion="4.0" xmlns="http://schemas.microsoft.com/developer/msbuild/2003">
  <ItemGroup>
    <ClCompile Include="pch.cpp" />
    <ClCompile Include="Main.cpp" />
    <ClCompile Include="Mocks\MockRenderer.cpp">
      <Filter>Mocks</Filter>
    </ClCompile>
    <ClCompile Include="System\Scene.cpp">
      <Filter>System</Filter>
    </ClCompile>
    <ClCompile Include="Mocks\MockInputManager.cpp">
      <Filter>Mocks</Filter>
    </ClCompile>
    <ClCompile Include="Mocks\MockUtils.cpp">
      <Filter>Mocks</Filter>
    </ClCompile>
    <ClCompile Include="Fixtures\FixtureSuite.cpp">
      <Filter>Fixtures</Filter>
    </ClCompile>
    <ClCompile Include="Fixtures\SystemFixture.cpp">
      <Filter>Fixtures</Filter>
    </ClCompile>
    <ClCompile Include="Fixtures\UIFixture.cpp">
      <Filter>Fixtures</Filter>
    </ClCompile>
    <ClCompile Include="Tests\BasicComponent.cpp">
      <Filter>Tests</Filter>
    </ClCompile>
    <ClCompile Include="Tests\ComplexComponent.cpp">
      <Filter>Tests</Filter>
    </ClCompile>
    <ClCompile Include="Tests\ComponentEvent.cpp">
      <Filter>Tests</Filter>
    </ClCompile>
    <ClCompile Include="Tests\ContainerComponent.cpp">
      <Filter>Tests</Filter>
    </ClCompile>
    <ClCompile Include="Tests\Helper.cpp">
      <Filter>Tests</Filter>
    </ClCompile>
    <ClCompile Include="Tests\Integration.cpp">
      <Filter>Tests</Filter>
    </ClCompile>
    <ClCompile Include="Tests\TextureSwitcherComponent.cpp">
      <Filter>Tests</Filter>
    </ClCompile>
    <ClCompile Include="Tests\UIModuleConnection.cpp">
      <Filter>Tests</Filter>
    </ClCompile>
    <ClCompile Include="Tests\UndoRedo.cpp">
      <Filter>Tests</Filter>
    </ClCompile>
    <ClCompile Include="UserInterface\UIComponent\UIComponentT_Single.cpp">
      <Filter>UserInterface\UIComponent</Filter>
    </ClCompile>
    <ClCompile Include="UserInterface\UIComponent\UIComponentT.cpp">
      <Filter>UserInterface\UIComponent</Filter>
    </ClCompile>
    <ClCompile Include="UserInterface\TextureResourceBinder\TextureResourceBinderT.cpp">
      <Filter>UserInterface\TextureResourceBinder</Filter>
    </ClCompile>
    <ClCompile Include="UserInterface\TextureResourceBinder\TextureLoadBinderT.cpp">
      <Filter>UserInterface\TextureResourceBinder</Filter>
    </ClCompile>
    <ClCompile Include="UserInterface\TextureResourceBinder\MockTextureResourceBinder.cpp">
      <Filter>UserInterface\TextureResourceBinder</Filter>
    </ClCompile>
    <ClCompile Include="UserInterface\UIComponent\Component\ComponentT.cpp">
      <Filter>UserInterface\UIComponent\Component</Filter>
    </ClCompile>
    <ClCompile Include="UserInterface\UIComponent\Component\TextAreaT.cpp">
      <Filter>UserInterface\UIComponent\Component</Filter>
    </ClCompile>
    <ClCompile Include="UserInterface\UIComponent\Component\PatchTexture\PatchTextureStd\PatchTextureStd1T.cpp">
      <Filter>UserInterface\UIComponent\Component\PatchTexture\PatchTextureStd</Filter>
    </ClCompile>
    <ClCompile Include="UserInterface\UIComponent\Component\PatchTexture\PatchTextureStd\PatchTextureStd3T_Horizontal.cpp">
      <Filter>UserInterface\UIComponent\Component\PatchTexture\PatchTextureStd</Filter>
    </ClCompile>
    <ClCompile Include="UserInterface\UIComponent\Component\PatchTexture\PatchTextureStd\PatchTextureStd3T_Vertical.cpp">
      <Filter>UserInterface\UIComponent\Component\PatchTexture\PatchTextureStd</Filter>
    </ClCompile>
    <ClCompile Include="UserInterface\UIComponent\Component\PatchTexture\PatchTextureStd\PatchTextureStd9T.cpp">
      <Filter>UserInterface\UIComponent\Component\PatchTexture\PatchTextureStd</Filter>
    </ClCompile>
    <ClCompile Include="UserInterface\UIComponent\Component\PatchTexture\PatchTextureLite\PatchTextureLite1T.cpp">
      <Filter>UserInterface\UIComponent\Component\PatchTexture\PatchTextureLite</Filter>
    </ClCompile>
    <ClCompile Include="UserInterface\UIComponent\Component\ComponentHelper.cpp">
      <Filter>UserInterface\UIComponent\Component</Filter>
    </ClCompile>
    <ClCompile Include="UserInterface\UIComponent\Component\PatchTexture\PatchTextureLite\PatchTextureLite3T_Horizontal.cpp">
      <Filter>UserInterface\UIComponent\Component\PatchTexture\PatchTextureLite</Filter>
    </ClCompile>
    <ClCompile Include="UserInterface\UIComponent\Component\PatchTexture\PatchTextureLite\PatchTextureLite3T_Vertical.cpp">
      <Filter>UserInterface\UIComponent\Component\PatchTexture\PatchTextureLite</Filter>
    </ClCompile>
    <ClCompile Include="UserInterface\UIComponent\Component\PatchTexture\PatchTextureLite\PatchTextureLite9T.cpp">
      <Filter>UserInterface\UIComponent\Component\PatchTexture\PatchTextureLite</Filter>
    </ClCompile>
    <ClCompile Include="UserInterface\UIComponent\Component\TextureSwitcherT.cpp">
      <Filter>UserInterface\UIComponent\Component</Filter>
    </ClCompile>
    <ClCompile Include="UserInterface\UIComponent\Component\ContainerT.cpp">
      <Filter>UserInterface\UIComponent\Component</Filter>
    </ClCompile>
    <ClCompile Include="UserInterface\UIComponent\Component\ScrollBarT.cpp">
      <Filter>UserInterface\UIComponent\Component</Filter>
    </ClCompile>
  </ItemGroup>
  <ItemGroup>
    <ClInclude Include="pch.h" />
    <ClInclude Include="Main.h" />
    <ClInclude Include="Mocks\Stubs\Include\IRendererStub.h">
      <Filter>Mocks\Stubs\Include</Filter>
    </ClInclude>
    <ClInclude Include="Mocks\MockRenderer.h">
      <Filter>Mocks</Filter>
    </ClInclude>
    <ClInclude Include="Mocks\MockClasses.h">
      <Filter>Mocks</Filter>
    </ClInclude>
    <ClInclude Include="Mocks\Stubs\IInputManagerStub.h">
      <Filter>Mocks\Stubs</Filter>
    </ClInclude>
    <ClInclude Include="Mocks\MockInputManager.h">
      <Filter>Mocks</Filter>
    </ClInclude>
    <ClInclude Include="Mocks\Stubs\UIComponentStub.h">
      <Filter>Mocks\Stubs</Filter>
    </ClInclude>
    <ClInclude Include="Mocks\MockUtils.h">
      <Filter>Mocks</Filter>
    </ClInclude>
    <ClInclude Include="Mocks\MockComponents.h">
      <Filter>Mocks</Filter>
    </ClInclude>
    <ClInclude Include="Fixtures\FixtureSuite.h">
      <Filter>Fixtures</Filter>
    </ClInclude>
    <ClInclude Include="Fixtures\SystemFixture.h">
      <Filter>Fixtures</Filter>
    </ClInclude>
    <ClInclude Include="Fixtures\UIFixture.h">
      <Filter>Fixtures</Filter>
    </ClInclude>
    <ClInclude Include="Tests\Helper.h">
      <Filter>Tests</Filter>
    </ClInclude>
    <ClInclude Include="UserInterface\UIComponent\UIComponentT_Single.h">
      <Filter>UserInterface\UIComponent</Filter>
    </ClInclude>
    <ClInclude Include="UserInterface\UIComponent\UIComponentT.h">
      <Filter>UserInterface\UIComponent</Filter>
    </ClInclude>
    <ClInclude Include="UserInterface\TextureResourceBinder\TextureResourceBinderT.h">
      <Filter>UserInterface\TextureResourceBinder</Filter>
    </ClInclude>
    <ClInclude Include="UserInterface\TextureResourceBinder\TextureLoadBinderT.h">
      <Filter>UserInterface\TextureResourceBinder</Filter>
    </ClInclude>
    <ClInclude Include="UserInterface\TextureResourceBinder\MockTextureResourceBinder.h">
      <Filter>UserInterface\TextureResourceBinder</Filter>
    </ClInclude>
    <ClInclude Include="UserInterface\UIComponent\Component\ComponentT.h">
      <Filter>UserInterface\UIComponent\Component</Filter>
    </ClInclude>
    <ClInclude Include="UserInterface\UIComponent\Component\TextAreaT.h">
      <Filter>UserInterface\UIComponent\Component</Filter>
    </ClInclude>
    <ClInclude Include="UserInterface\UIComponent\Component\PatchTexture\PatchTextureStd\PatchTextureStd1T.h">
      <Filter>UserInterface\UIComponent\Component\PatchTexture\PatchTextureStd</Filter>
    </ClInclude>
    <ClInclude Include="UserInterface\UIComponent\Component\PatchTexture\PatchTextureStd\PatchTextureStd3T_Horizontal.h">
      <Filter>UserInterface\UIComponent\Component\PatchTexture\PatchTextureStd</Filter>
    </ClInclude>
    <ClInclude Include="UserInterface\UIComponent\Component\PatchTexture\PatchTextureStd\PatchTextureStd3T_Vertical.h">
      <Filter>UserInterface\UIComponent\Component\PatchTexture\PatchTextureStd</Filter>
    </ClInclude>
    <ClInclude Include="UserInterface\UIComponent\Component\PatchTexture\PatchTextureStd\PatchTextureStd9T.h">
      <Filter>UserInterface\UIComponent\Component\PatchTexture\PatchTextureStd</Filter>
    </ClInclude>
    <ClInclude Include="UserInterface\UIComponent\Component\PatchTexture\PatchTextureLite\PatchTextureLite1T.h">
      <Filter>UserInterface\UIComponent\Component\PatchTexture\PatchTextureLite</Filter>
    </ClInclude>
    <ClInclude Include="UserInterface\UIComponent\Component\ComponentHelper.h">
      <Filter>UserInterface\UIComponent\Component</Filter>
    </ClInclude>
    <ClInclude Include="UserInterface\UIComponent\Component\PatchTexture\PatchTextureLite\PatchTextureLite3T_Horizontal.h">
      <Filter>UserInterface\UIComponent\Component\PatchTexture\PatchTextureLite</Filter>
    </ClInclude>
    <ClInclude Include="UserInterface\UIComponent\Component\PatchTexture\PatchTextureLite\PatchTextureLite3T_Vertical.h">
      <Filter>UserInterface\UIComponent\Component\PatchTexture\PatchTextureLite</Filter>
    </ClInclude>
    <ClInclude Include="UserInterface\UIComponent\Component\PatchTexture\PatchTextureLite\PatchTextureLite9T.h">
      <Filter>UserInterface\UIComponent\Component\PatchTexture\PatchTextureLite</Filter>
    </ClInclude>
    <ClInclude Include="UserInterface\UIComponent\Component\TextureSwitcherT.h">
      <Filter>UserInterface\UIComponent\Component</Filter>
    </ClInclude>
    <ClInclude Include="UserInterface\UIComponent\Component\ContainerT.h">
      <Filter>UserInterface\UIComponent\Component</Filter>
    </ClInclude>
    <ClInclude Include="UserInterface\UIComponent\Component\ScrollBarT.h">
      <Filter>UserInterface\UIComponent\Component</Filter>
    </ClInclude>
  </ItemGroup>
  <ItemGroup>
    <Filter Include="Mocks">
      <UniqueIdentifier>{d282f695-392c-4846-ad3a-0aabc2ee8151}</UniqueIdentifier>
    </Filter>
    <Filter Include="Mocks\Stubs">
      <UniqueIdentifier>{15f7f71f-e9d1-44e8-bf22-19260aedbe62}</UniqueIdentifier>
    </Filter>
    <Filter Include="Mocks\Stubs\Include">
      <UniqueIdentifier>{7a1395a0-7c26-46a8-84cc-28aeb905c270}</UniqueIdentifier>
    </Filter>
    <Filter Include="System">
      <UniqueIdentifier>{e26b9376-3546-4bbd-b65b-a9e687755dbd}</UniqueIdentifier>
    </Filter>
    <Filter Include="Fixtures">
      <UniqueIdentifier>{a3c5f77b-3cc7-486e-955c-dd373170a231}</UniqueIdentifier>
    </Filter>
    <Filter Include="Tests">
      <UniqueIdentifier>{dd6bf8c4-e29c-4acb-9ef2-41d2a32d6c3c}</UniqueIdentifier>
    </Filter>
    <Filter Include="UserInterface">
      <UniqueIdentifier>{5df43ce2-18fd-4638-a9f7-b520d586ad65}</UniqueIdentifier>
    </Filter>
    <Filter Include="UserInterface\UIComponent">
      <UniqueIdentifier>{a0f47978-4e66-4021-94a1-3ac7ad076f1f}</UniqueIdentifier>
    </Filter>
    <Filter Include="UserInterface\TextureResourceBinder">
      <UniqueIdentifier>{db5dc585-8032-47a5-befe-7651e490a5cf}</UniqueIdentifier>
    </Filter>
    <Filter Include="UserInterface\UIComponent\Component">
      <UniqueIdentifier>{45aa971d-5722-466a-a49e-d79c35346f5e}</UniqueIdentifier>
    </Filter>
    <Filter Include="UserInterface\UIComponent\Component\PatchTexture">
      <UniqueIdentifier>{20cc366d-8dfe-4d11-bd42-a7e7d6fad333}</UniqueIdentifier>
    </Filter>
    <Filter Include="UserInterface\UIComponent\Component\PatchTexture\PatchTextureStd">
      <UniqueIdentifier>{abfae4f9-5e64-40c5-b729-3bdfb2dc6cfa}</UniqueIdentifier>
    </Filter>
    <Filter Include="UserInterface\UIComponent\Component\PatchTexture\PatchTextureLite">
      <UniqueIdentifier>{806d7c74-0b04-4753-9443-4cd457c11aad}</UniqueIdentifier>
    </Filter>
  </ItemGroup>
</Project>