<?xml version="1.0" encoding="utf-8"?>
<Project ToolsVersion="4.0" xmlns="http://schemas.microsoft.com/developer/msbuild/2003">
  <ItemGroup>
    <Filter Include="Menu">
      <UniqueIdentifier>{d5550658-07c9-4753-b8c9-0b376d5f32e0}</UniqueIdentifier>
    </Filter>
    <Filter Include="TextureResBinderWindow">
      <UniqueIdentifier>{2258dd6b-41ac-48be-9557-7490df5b0238}</UniqueIdentifier>
    </Filter>
    <Filter Include="EditUtility">
      <UniqueIdentifier>{8f00648d-decb-47c6-9bf8-d21969fa5ca2}</UniqueIdentifier>
    </Filter>
    <Filter Include="UserInterfaceWindow">
      <UniqueIdentifier>{be68cbc7-b1ec-4618-8f51-251bda3f1362}</UniqueIdentifier>
    </Filter>
    <Filter Include="UserInterfaceWindow\SelectedComponent">
      <UniqueIdentifier>{fbce0aa3-7ea4-4dc3-a718-617e66d7302f}</UniqueIdentifier>
    </Filter>
    <Filter Include="UserInterfaceWindow\SelectedComponent\ComponentEdit">
      <UniqueIdentifier>{b7318709-67d4-48cd-af44-5eeadce3214a}</UniqueIdentifier>
    </Filter>
    <Filter Include="UserInterfaceWindow\SelectedComponent\ComponentEdit\EditPatchTexture">
      <UniqueIdentifier>{f98101b5-1730-4dfb-b7f7-475f4e806132}</UniqueIdentifier>
    </Filter>
  </ItemGroup>
  <ItemGroup>
    <ClCompile Include="Tool.cpp" />
    <ClCompile Include="pch.cpp" />
    <ClCompile Include="ToolLoop.cpp" />
    <ClCompile Include="ToolSystem.cpp" />
    <ClCompile Include="Dialog.cpp" />
    <ClCompile Include="Menu\MenuBar.cpp">
      <Filter>Menu</Filter>
    </ClCompile>
    <ClCompile Include="Menu\RecentFiles.cpp">
      <Filter>Menu</Filter>
    </ClCompile>
    <ClCompile Include="Menu\FileTab.cpp">
      <Filter>Menu</Filter>
    </ClCompile>
    <ClCompile Include="Menu\MenuHelper.cpp">
      <Filter>Menu</Filter>
    </ClCompile>
    <ClCompile Include="ToolConfig.cpp" />
    <ClCompile Include="Utility.cpp" />
    <ClCompile Include="HelperClass.cpp" />
    <ClCompile Include="InnerWindow.cpp" />
    <ClCompile Include="TextureResBinderWindow\EditFontTexture.cpp">
      <Filter>TextureResBinderWindow</Filter>
    </ClCompile>
    <ClCompile Include="TextureResBinderWindow\EditSourceTexture.cpp">
      <Filter>TextureResBinderWindow</Filter>
    </ClCompile>
    <ClCompile Include="TextureResBinderWindow\ImageSelector.cpp">
      <Filter>TextureResBinderWindow</Filter>
    </ClCompile>
    <ClCompile Include="TextureResBinderWindow\TextureResBinderWindow.cpp">
      <Filter>TextureResBinderWindow</Filter>
    </ClCompile>
    <ClCompile Include="EditUtility\EditUtility.cpp">
      <Filter>EditUtility</Filter>
    </ClCompile>
    <ClCompile Include="EditUtility\EditClass.cpp">
      <Filter>EditUtility</Filter>
    </ClCompile>
    <ClCompile Include="UserInterfaceWindow\ComponentController.cpp">
      <Filter>UserInterfaceWindow</Filter>
    </ClCompile>
    <ClCompile Include="UserInterfaceWindow\ComponentSelector.cpp">
      <Filter>UserInterfaceWindow</Filter>
    </ClCompile>
    <ClCompile Include="UserInterfaceWindow\FloatingComponent.cpp">
      <Filter>UserInterfaceWindow</Filter>
    </ClCompile>
    <ClCompile Include="UserInterfaceWindow\UserInterfaceWindow.cpp">
      <Filter>UserInterfaceWindow</Filter>
    </ClCompile>
    <ClCompile Include="UserInterfaceWindow\SelectedComponent\ComponentTooltip.cpp">
      <Filter>UserInterfaceWindow\SelectedComponent</Filter>
    </ClCompile>
    <ClCompile Include="UserInterfaceWindow\SelectedComponent\EditWindowFactory.cpp">
      <Filter>UserInterfaceWindow\SelectedComponent</Filter>
    </ClCompile>
    <ClCompile Include="UserInterfaceWindow\SelectedComponent\ComponentEdit\EditButton.cpp">
      <Filter>UserInterfaceWindow\SelectedComponent\ComponentEdit</Filter>
    </ClCompile>
    <ClCompile Include="UserInterfaceWindow\SelectedComponent\ComponentEdit\EditContainer.cpp">
      <Filter>UserInterfaceWindow\SelectedComponent\ComponentEdit</Filter>
    </ClCompile>
    <ClCompile Include="UserInterfaceWindow\SelectedComponent\ComponentEdit\EditListArea.cpp">
      <Filter>UserInterfaceWindow\SelectedComponent\ComponentEdit</Filter>
    </ClCompile>
    <ClCompile Include="UserInterfaceWindow\SelectedComponent\ComponentEdit\EditRenderTexture.cpp">
      <Filter>UserInterfaceWindow\SelectedComponent\ComponentEdit</Filter>
    </ClCompile>
    <ClCompile Include="UserInterfaceWindow\SelectedComponent\ComponentEdit\EditScrollBar.cpp">
      <Filter>UserInterfaceWindow\SelectedComponent\ComponentEdit</Filter>
    </ClCompile>
    <ClCompile Include="UserInterfaceWindow\SelectedComponent\ComponentEdit\EditTextArea.cpp">
      <Filter>UserInterfaceWindow\SelectedComponent\ComponentEdit</Filter>
    </ClCompile>
    <ClCompile Include="UserInterfaceWindow\SelectedComponent\ComponentEdit\EditTextureSwitcher.cpp">
      <Filter>UserInterfaceWindow\SelectedComponent\ComponentEdit</Filter>
    </ClCompile>
    <ClCompile Include="UserInterfaceWindow\SelectedComponent\ComponentEdit\EditWindow.cpp">
      <Filter>UserInterfaceWindow\SelectedComponent\ComponentEdit</Filter>
    </ClCompile>
    <ClCompile Include="UserInterfaceWindow\SelectedComponent\ComponentEdit\EditPatchTexture\EditPatchTexture.cpp">
      <Filter>UserInterfaceWindow\SelectedComponent\ComponentEdit\EditPatchTexture</Filter>
    </ClCompile>
    <ClCompile Include="UserInterfaceWindow\SelectedComponent\ComponentEdit\EditPatchTexture\EditPatchTextureLite.cpp">
      <Filter>UserInterfaceWindow\SelectedComponent\ComponentEdit\EditPatchTexture</Filter>
    </ClCompile>
    <ClCompile Include="UserInterfaceWindow\SelectedComponent\ComponentEdit\EditPatchTexture\EditPatchTextureStd.cpp">
      <Filter>UserInterfaceWindow\SelectedComponent\ComponentEdit\EditPatchTexture</Filter>
    </ClCompile>
  </ItemGroup>
  <ItemGroup>
    <ClInclude Include="pch.h" />
    <ClInclude Include="ToolLoop.h" />
    <ClInclude Include="ToolSystem.h" />
    <ClInclude Include="Dialog.h" />
    <ClInclude Include="Menu\MenuBar.h">
      <Filter>Menu</Filter>
    </ClInclude>
    <ClInclude Include="Menu\RecentFiles.h">
      <Filter>Menu</Filter>
    </ClInclude>
    <ClInclude Include="Menu\FileTab.h">
      <Filter>Menu</Filter>
    </ClInclude>
    <ClInclude Include="Menu\MenuHelper.h">
      <Filter>Menu</Filter>
    </ClInclude>
    <ClInclude Include="ToolConfig.h" />
    <ClInclude Include="Utility.h" />
    <ClInclude Include="HelperClass.h" />
    <ClInclude Include="InnerWindow.h" />
    <ClInclude Include="TextureResBinderWindow\EditFontTexture.h">
      <Filter>TextureResBinderWindow</Filter>
    </ClInclude>
    <ClInclude Include="TextureResBinderWindow\EditSourceTexture.h">
      <Filter>TextureResBinderWindow</Filter>
    </ClInclude>
    <ClInclude Include="TextureResBinderWindow\ImageSelector.h">
      <Filter>TextureResBinderWindow</Filter>
    </ClInclude>
    <ClInclude Include="TextureResBinderWindow\TextureResBinderWindow.h">
      <Filter>TextureResBinderWindow</Filter>
    </ClInclude>
    <ClInclude Include="EditUtility\EditUtility.h">
      <Filter>EditUtility</Filter>
    </ClInclude>
    <ClInclude Include="EditUtility\EditClass.h">
      <Filter>EditUtility</Filter>
    </ClInclude>
    <ClInclude Include="UserInterfaceWindow\ComponentController.h">
      <Filter>UserInterfaceWindow</Filter>
    </ClInclude>
    <ClInclude Include="UserInterfaceWindow\ComponentSelector.h">
      <Filter>UserInterfaceWindow</Filter>
    </ClInclude>
    <ClInclude Include="UserInterfaceWindow\FloatingComponent.h">
      <Filter>UserInterfaceWindow</Filter>
    </ClInclude>
    <ClInclude Include="UserInterfaceWindow\UserInterfaceWindow.h">
      <Filter>UserInterfaceWindow</Filter>
    </ClInclude>
    <ClInclude Include="UserInterfaceWindow\SelectedComponent\ComponentTooltip.h">
      <Filter>UserInterfaceWindow\SelectedComponent</Filter>
    </ClInclude>
    <ClInclude Include="UserInterfaceWindow\SelectedComponent\EditWindowFactory.h">
      <Filter>UserInterfaceWindow\SelectedComponent</Filter>
    </ClInclude>
    <ClInclude Include="UserInterfaceWindow\SelectedComponent\ComponentEdit\EditButton.h">
      <Filter>UserInterfaceWindow\SelectedComponent\ComponentEdit</Filter>
    </ClInclude>
    <ClInclude Include="UserInterfaceWindow\SelectedComponent\ComponentEdit\EditContainer.h">
      <Filter>UserInterfaceWindow\SelectedComponent\ComponentEdit</Filter>
    </ClInclude>
    <ClInclude Include="UserInterfaceWindow\SelectedComponent\ComponentEdit\EditListArea.h">
      <Filter>UserInterfaceWindow\SelectedComponent\ComponentEdit</Filter>
    </ClInclude>
    <ClInclude Include="UserInterfaceWindow\SelectedComponent\ComponentEdit\EditRenderTexture.h">
      <Filter>UserInterfaceWindow\SelectedComponent\ComponentEdit</Filter>
    </ClInclude>
    <ClInclude Include="UserInterfaceWindow\SelectedComponent\ComponentEdit\EditScrollBar.h">
      <Filter>UserInterfaceWindow\SelectedComponent\ComponentEdit</Filter>
    </ClInclude>
    <ClInclude Include="UserInterfaceWindow\SelectedComponent\ComponentEdit\EditTextArea.h">
      <Filter>UserInterfaceWindow\SelectedComponent\ComponentEdit</Filter>
    </ClInclude>
    <ClInclude Include="UserInterfaceWindow\SelectedComponent\ComponentEdit\EditTextureSwitcher.h">
      <Filter>UserInterfaceWindow\SelectedComponent\ComponentEdit</Filter>
    </ClInclude>
    <ClInclude Include="UserInterfaceWindow\SelectedComponent\ComponentEdit\EditWindow.h">
      <Filter>UserInterfaceWindow\SelectedComponent\ComponentEdit</Filter>
    </ClInclude>
    <ClInclude Include="UserInterfaceWindow\SelectedComponent\ComponentEdit\EditPatchTexture\EditPatchTexture.h">
      <Filter>UserInterfaceWindow\SelectedComponent\ComponentEdit\EditPatchTexture</Filter>
    </ClInclude>
    <ClInclude Include="UserInterfaceWindow\SelectedComponent\ComponentEdit\EditPatchTexture\EditPatchTextureLite.h">
      <Filter>UserInterfaceWindow\SelectedComponent\ComponentEdit\EditPatchTexture</Filter>
    </ClInclude>
    <ClInclude Include="UserInterfaceWindow\SelectedComponent\ComponentEdit\EditPatchTexture\EditPatchTextureStd.h">
      <Filter>UserInterfaceWindow\SelectedComponent\ComponentEdit\EditPatchTexture</Filter>
    </ClInclude>
  </ItemGroup>
</Project>