<?xml version="1.0" encoding="utf-8"?>
<Project ToolsVersion="4.0" xmlns="http://schemas.microsoft.com/developer/msbuild/2003">
  <ItemGroup>
    <Filter Include="Menu">
      <UniqueIdentifier>{d5550658-07c9-4753-b8c9-0b376d5f32e0}</UniqueIdentifier>
    </Filter>
    <Filter Include="MainWindow">
      <UniqueIdentifier>{7d670e93-cddd-4a1e-a2ea-0416b7924d34}</UniqueIdentifier>
    </Filter>
  </ItemGroup>
  <ItemGroup>
    <ClCompile Include="Tool.cpp" />
    <ClCompile Include="pch.cpp" />
    <ClCompile Include="ToolMainLoop.cpp" />
    <ClCompile Include="TestImgui.cpp" />
    <ClCompile Include="GuiWidget.cpp" />
    <ClCompile Include="ToolSystem.cpp" />
    <ClCompile Include="Dialog.cpp" />
    <ClCompile Include="Menu\MenuBar.cpp">
      <Filter>Menu</Filter>
    </ClCompile>
    <ClCompile Include="Menu\RecentFiles.cpp">
      <Filter>Menu</Filter>
    </ClCompile>
    <ClCompile Include="Menu\FileTab.cpp">
      <Filter>Menu</Filter>
    </ClCompile>
    <ClCompile Include="Menu\MenuHelper.cpp">
      <Filter>Menu</Filter>
    </ClCompile>
    <ClCompile Include="Config.cpp" />
    <ClCompile Include="Utility.cpp" />
    <ClCompile Include="MainWindow\MainWindow.cpp">
      <Filter>MainWindow</Filter>
    </ClCompile>
    <ClCompile Include="MainWindow\ComponentPopup.cpp">
      <Filter>MainWindow</Filter>
    </ClCompile>
    <ClCompile Include="MainWindow\ComponentTooltip.cpp">
      <Filter>MainWindow</Filter>
    </ClCompile>
    <ClCompile Include="MainWindow\ComponentWindow.cpp">
      <Filter>MainWindow</Filter>
    </ClCompile>
    <ClCompile Include="MainWindow\EditUtility.cpp">
      <Filter>MainWindow</Filter>
    </ClCompile>
    <ClCompile Include="MainWindow\SelectComponent.cpp">
      <Filter>MainWindow</Filter>
    </ClCompile>
  </ItemGroup>
  <ItemGroup>
    <ClInclude Include="pch.h" />
    <ClInclude Include="ToolMainLoop.h" />
    <ClInclude Include="TestImgui.h" />
    <ClInclude Include="GuiWidget.h" />
    <ClInclude Include="ToolSystem.h" />
    <ClInclude Include="Dialog.h" />
    <ClInclude Include="Menu\MenuBar.h">
      <Filter>Menu</Filter>
    </ClInclude>
    <ClInclude Include="Menu\RecentFiles.h">
      <Filter>Menu</Filter>
    </ClInclude>
    <ClInclude Include="Menu\FileTab.h">
      <Filter>Menu</Filter>
    </ClInclude>
    <ClInclude Include="Menu\MenuHelper.h">
      <Filter>Menu</Filter>
    </ClInclude>
    <ClInclude Include="Config.h" />
    <ClInclude Include="Utility.h" />
    <ClInclude Include="MainWindow\MainWindow.h">
      <Filter>MainWindow</Filter>
    </ClInclude>
    <ClInclude Include="MainWindow\ComponentPopup.h">
      <Filter>MainWindow</Filter>
    </ClInclude>
    <ClInclude Include="MainWindow\ComponentTooltip.h">
      <Filter>MainWindow</Filter>
    </ClInclude>
    <ClInclude Include="MainWindow\ComponentWindow.h">
      <Filter>MainWindow</Filter>
    </ClInclude>
    <ClInclude Include="MainWindow\EditUtility.h">
      <Filter>MainWindow</Filter>
    </ClInclude>
    <ClInclude Include="MainWindow\SelectComponent.h">
      <Filter>MainWindow</Filter>
    </ClInclude>
  </ItemGroup>
</Project>