<?xml version="1.0" encoding="utf-8"?>
<Project ToolsVersion="4.0" xmlns="http://schemas.microsoft.com/developer/msbuild/2003">
  <ItemGroup>
    <Filter Include="Menu">
      <UniqueIdentifier>{d5550658-07c9-4753-b8c9-0b376d5f32e0}</UniqueIdentifier>
    </Filter>
  </ItemGroup>
  <ItemGroup>
    <ClCompile Include="Tool.cpp" />
    <ClCompile Include="pch.cpp" />
    <ClCompile Include="ToolMainLoop.cpp" />
    <ClCompile Include="TestImgui.cpp" />
    <ClCompile Include="GuiWidget.cpp" />
    <ClCompile Include="ToolSystem.cpp" />
    <ClCompile Include="MainWindow.cpp" />
    <ClCompile Include="Dialog.cpp" />
    <ClCompile Include="Menu\MenuBar.cpp">
      <Filter>Menu</Filter>
    </ClCompile>
    <ClCompile Include="Menu\RecentFiles.cpp">
      <Filter>Menu</Filter>
    </ClCompile>
    <ClCompile Include="Menu\FileTab.cpp">
      <Filter>Menu</Filter>
    </ClCompile>
    <ClCompile Include="Menu\MenuHelper.cpp">
      <Filter>Menu</Filter>
    </ClCompile>
    <ClCompile Include="Config.cpp" />
    <ClCompile Include="Utility.cpp" />
    <ClCompile Include="Popup.cpp" />
  </ItemGroup>
  <ItemGroup>
    <ClInclude Include="pch.h" />
    <ClInclude Include="ToolMainLoop.h" />
    <ClInclude Include="TestImgui.h" />
    <ClInclude Include="GuiWidget.h" />
    <ClInclude Include="ToolSystem.h" />
    <ClInclude Include="MainWindow.h" />
    <ClInclude Include="Dialog.h" />
    <ClInclude Include="Menu\MenuBar.h">
      <Filter>Menu</Filter>
    </ClInclude>
    <ClInclude Include="Menu\RecentFiles.h">
      <Filter>Menu</Filter>
    </ClInclude>
    <ClInclude Include="Menu\FileTab.h">
      <Filter>Menu</Filter>
    </ClInclude>
    <ClInclude Include="Menu\MenuHelper.h">
      <Filter>Menu</Filter>
    </ClInclude>
    <ClInclude Include="Config.h" />
    <ClInclude Include="Utility.h" />
    <ClInclude Include="Popup.h" />
  </ItemGroup>
</Project>