<?xml version="1.0" encoding="utf-8"?>
<Project ToolsVersion="4.0" xmlns="http://schemas.microsoft.com/developer/msbuild/2003">
  <ItemGroup>
    <Filter Include="Common">
      <UniqueIdentifier>a5dbd24e-aee0-4be4-9557-fbe87b0c775a</UniqueIdentifier>
    </Filter>
    <Filter Include="Assets">
      <UniqueIdentifier>e24bdbef-5475-490b-b1c4-3eb2816f5db3</UniqueIdentifier>
      <Extensions>ico;cur;bmp;dds;dlg;fbx;rct;bin;rgs;gif;jpg;jpeg;jpe;resx;tga;tiff;tif;png;wav;mfcribbon-ms</Extensions>
    </Filter>
    <Filter Include="UserInterface">
      <UniqueIdentifier>{7d2930d3-03cc-4bfc-956f-bf8ef99a4472}</UniqueIdentifier>
    </Filter>
    <Filter Include="Resources">
      <UniqueIdentifier>{b118d2aa-8523-43d9-b617-b205a4a1d25b}</UniqueIdentifier>
    </Filter>
    <Filter Include="Resources\Tool">
      <UniqueIdentifier>{556a383a-b07e-4797-8ed9-cefd0861b90d}</UniqueIdentifier>
    </Filter>
  </ItemGroup>
  <ItemGroup>
    <ClInclude Include="pch.h" />
    <ClInclude Include="StepTimer.h">
      <Filter>Common</Filter>
    </ClInclude>
    <ClInclude Include="d3dx12.h">
      <Filter>Common</Filter>
    </ClInclude>
    <ClInclude Include="GameMainLoop.h" />
    <ClInclude Include="Utility.h" />
    <ClInclude Include="Window.h" />
    <ClInclude Include="WindowProcedure.h" />
    <ClInclude Include="UserInterface\UIType.h">
      <Filter>UserInterface</Filter>
    </ClInclude>
    <ClInclude Include="UserInterface\UILayout.h">
      <Filter>UserInterface</Filter>
    </ClInclude>
    <ClInclude Include="Locator.h" />
    <ClInclude Include="UserInterface\TextArea.h">
      <Filter>UserInterface</Filter>
    </ClInclude>
    <ClInclude Include="UserInterface\UIUtility.h">
      <Filter>UserInterface</Filter>
    </ClInclude>
    <ClInclude Include="MainLoop.h" />
    <ClInclude Include="UserInterface\Panel.h">
      <Filter>UserInterface</Filter>
    </ClInclude>
    <ClInclude Include="UserInterface\Dialog.h">
      <Filter>UserInterface</Filter>
    </ClInclude>
    <ClInclude Include="Config.h" />
    <ClInclude Include="UserInterface\UIComponent.h">
      <Filter>UserInterface</Filter>
    </ClInclude>
    <ClInclude Include="UserInterface\TransformComponent.h">
      <Filter>UserInterface</Filter>
    </ClInclude>
    <ClInclude Include="UserInterface\JsonOperation.h">
      <Filter>UserInterface</Filter>
    </ClInclude>
    <ClInclude Include="UserInterface\JsonHelper.h">
      <Filter>UserInterface</Filter>
    </ClInclude>
    <ClInclude Include="HelperClass.h" />
    <ClInclude Include="UserInterface\EnumUtility.h">
      <Filter>UserInterface</Filter>
    </ClInclude>
    <ClInclude Include="InputManager.h" />
    <ClInclude Include="UserInterface\ImageGrid1.h">
      <Filter>UserInterface</Filter>
    </ClInclude>
    <ClInclude Include="UserInterface\ImageGrid3.h">
      <Filter>UserInterface</Filter>
    </ClInclude>
    <ClInclude Include="UserInterface\ImageGrid9.h">
      <Filter>UserInterface</Filter>
    </ClInclude>
    <ClInclude Include="UserInterface\Button.h">
      <Filter>UserInterface</Filter>
    </ClInclude>
    <ClInclude Include="UserInterface\JsonOperation.hpp">
      <Filter>UserInterface</Filter>
    </ClInclude>
    <ClInclude Include="UserInterface\UIComponent.hpp">
      <Filter>UserInterface</Filter>
    </ClInclude>
    <ClInclude Include="UserInterface\Property.h">
      <Filter>UserInterface</Filter>
    </ClInclude>
    <ClInclude Include="UserInterface\ImageGridHelper.hpp">
      <Filter>UserInterface</Filter>
    </ClInclude>
  </ItemGroup>
  <ItemGroup>
    <ClCompile Include="pch.cpp" />
    <ClCompile Include="GameMainLoop.cpp" />
    <ClCompile Include="Window.cpp" />
    <ClCompile Include="Utility.cpp" />
    <ClCompile Include="WindowProcedure.cpp" />
    <ClCompile Include="UserInterface\UILayout.cpp">
      <Filter>UserInterface</Filter>
    </ClCompile>
    <ClCompile Include="UserInterface\TextArea.cpp">
      <Filter>UserInterface</Filter>
    </ClCompile>
    <ClCompile Include="UserInterface\UIUtility.cpp">
      <Filter>UserInterface</Filter>
    </ClCompile>
    <ClCompile Include="MainLoopWndProc.cpp" />
    <ClCompile Include="MainLoop.cpp" />
    <ClCompile Include="UserInterface\Panel.cpp">
      <Filter>UserInterface</Filter>
    </ClCompile>
    <ClCompile Include="UserInterface\Dialog.cpp">
      <Filter>UserInterface</Filter>
    </ClCompile>
    <ClCompile Include="Config.cpp" />
    <ClCompile Include="UserInterface\UIComponent.cpp">
      <Filter>UserInterface</Filter>
    </ClCompile>
    <ClCompile Include="UserInterface\UIType.cpp">
      <Filter>UserInterface</Filter>
    </ClCompile>
    <ClCompile Include="UserInterface\TransformComponent.cpp">
      <Filter>UserInterface</Filter>
    </ClCompile>
    <ClCompile Include="UserInterface\JsonOperation.cpp">
      <Filter>UserInterface</Filter>
    </ClCompile>
    <ClCompile Include="UserInterface\JsonOperation_impl.cpp">
      <Filter>UserInterface</Filter>
    </ClCompile>
    <ClCompile Include="UserInterface\JsonHelper.cpp">
      <Filter>UserInterface</Filter>
    </ClCompile>
    <ClCompile Include="HelperClass.cpp" />
    <ClCompile Include="UserInterface\EnumUtility.cpp">
      <Filter>UserInterface</Filter>
    </ClCompile>
    <ClCompile Include="InputManager.cpp" />
    <ClCompile Include="UserInterface\ImageGrid1.cpp">
      <Filter>UserInterface</Filter>
    </ClCompile>
    <ClCompile Include="UserInterface\ImageGrid3.cpp">
      <Filter>UserInterface</Filter>
    </ClCompile>
    <ClCompile Include="UserInterface\ImageGrid9.cpp">
      <Filter>UserInterface</Filter>
    </ClCompile>
    <ClCompile Include="UserInterface\Button.cpp">
      <Filter>UserInterface</Filter>
    </ClCompile>
  </ItemGroup>
  <ItemGroup>
    <ResourceCompile Include="resource.rc" />
  </ItemGroup>
  <ItemGroup>
    <Image Include="directx.ico">
      <Filter>Assets</Filter>
    </Image>
  </ItemGroup>
  <ItemGroup>
    <Manifest Include="settings.manifest">
      <Filter>Assets</Filter>
    </Manifest>
  </ItemGroup>
  <ItemGroup>
    <None Include="..\Resources\Tool\OpenRecentFiles.json">
      <Filter>Resources\Tool</Filter>
    </None>
    <None Include="..\Resources\Tool\Config.json">
      <Filter>Resources\Tool</Filter>
    </None>
  </ItemGroup>
</Project>