<?xml version="1.0" encoding="utf-8"?>
<Project ToolsVersion="4.0" xmlns="http://schemas.microsoft.com/developer/msbuild/2003">
  <ItemGroup>
    <Filter Include="Common">
      <UniqueIdentifier>a5dbd24e-aee0-4be4-9557-fbe87b0c775a</UniqueIdentifier>
    </Filter>
    <Filter Include="Assets">
      <UniqueIdentifier>e24bdbef-5475-490b-b1c4-3eb2816f5db3</UniqueIdentifier>
      <Extensions>ico;cur;bmp;dds;dlg;fbx;rct;bin;rgs;gif;jpg;jpeg;jpe;resx;tga;tiff;tif;png;wav;mfcribbon-ms</Extensions>
    </Filter>
    <Filter Include="UserInterface">
      <UniqueIdentifier>{7d2930d3-03cc-4bfc-956f-bf8ef99a4472}</UniqueIdentifier>
    </Filter>
    <Filter Include="Resources">
      <UniqueIdentifier>{b118d2aa-8523-43d9-b617-b205a4a1d25b}</UniqueIdentifier>
    </Filter>
    <Filter Include="Resources\Tool">
      <UniqueIdentifier>{556a383a-b07e-4797-8ed9-cefd0861b90d}</UniqueIdentifier>
    </Filter>
    <Filter Include="UserInterface\Component">
      <UniqueIdentifier>{7a324915-d1e7-41df-90b3-c02402ae2760}</UniqueIdentifier>
    </Filter>
    <Filter Include="Resources\UI">
      <UniqueIdentifier>{a4ac7f4d-e263-4d15-98c8-4bccb666a2d4}</UniqueIdentifier>
    </Filter>
    <Filter Include="Resources\UI\Texture">
      <UniqueIdentifier>{b1d2175f-6b69-4762-814c-776f15e91fe9}</UniqueIdentifier>
    </Filter>
    <Filter Include="UserInterface\Command">
      <UniqueIdentifier>{8095bd22-dd9e-443e-ac7d-edbdc3d9bae5}</UniqueIdentifier>
    </Filter>
  </ItemGroup>
  <ItemGroup>
    <ClInclude Include="pch.h" />
    <ClInclude Include="StepTimer.h">
      <Filter>Common</Filter>
    </ClInclude>
    <ClInclude Include="d3dx12.h">
      <Filter>Common</Filter>
    </ClInclude>
    <ClInclude Include="GameMainLoop.h" />
    <ClInclude Include="Utility.h" />
    <ClInclude Include="Window.h" />
    <ClInclude Include="WindowProcedure.h" />
    <ClInclude Include="UserInterface\UIType.h">
      <Filter>UserInterface</Filter>
    </ClInclude>
    <ClInclude Include="UserInterface\UILayout.h">
      <Filter>UserInterface</Filter>
    </ClInclude>
    <ClInclude Include="Locator.h" />
    <ClInclude Include="UserInterface\UIUtility.h">
      <Filter>UserInterface</Filter>
    </ClInclude>
    <ClInclude Include="MainLoop.h" />
    <ClInclude Include="Config.h" />
    <ClInclude Include="UserInterface\UIComponent.h">
      <Filter>UserInterface</Filter>
    </ClInclude>
    <ClInclude Include="UserInterface\UITransform.h">
      <Filter>UserInterface</Filter>
    </ClInclude>
    <ClInclude Include="UserInterface\JsonOperation.h">
      <Filter>UserInterface</Filter>
    </ClInclude>
    <ClInclude Include="UserInterface\JsonHelper.h">
      <Filter>UserInterface</Filter>
    </ClInclude>
    <ClInclude Include="UserInterface\EnumUtility.h">
      <Filter>UserInterface</Filter>
    </ClInclude>
    <ClInclude Include="InputManager.h" />
    <ClInclude Include="UserInterface\JsonOperation.hpp">
      <Filter>UserInterface</Filter>
    </ClInclude>
    <ClInclude Include="UserInterface\Property.h">
      <Filter>UserInterface</Filter>
    </ClInclude>
    <ClInclude Include="UserInterface\Component\Dialog.h">
      <Filter>UserInterface\Component</Filter>
    </ClInclude>
    <ClInclude Include="UserInterface\Component\ImageGrid1.h">
      <Filter>UserInterface\Component</Filter>
    </ClInclude>
    <ClInclude Include="UserInterface\Component\ImageGrid3.h">
      <Filter>UserInterface\Component</Filter>
    </ClInclude>
    <ClInclude Include="UserInterface\Component\ImageGrid9.h">
      <Filter>UserInterface\Component</Filter>
    </ClInclude>
    <ClInclude Include="UserInterface\Component\ImageGridHelper.hpp">
      <Filter>UserInterface\Component</Filter>
    </ClInclude>
    <ClInclude Include="UserInterface\Component\Panel.h">
      <Filter>UserInterface\Component</Filter>
    </ClInclude>
    <ClInclude Include="UserInterface\Component\TextArea.h">
      <Filter>UserInterface\Component</Filter>
    </ClInclude>
    <ClInclude Include="UserInterface\UIComponentEx.h">
      <Filter>UserInterface</Filter>
    </ClInclude>
    <ClInclude Include="UserInterface\Component\SampleComponent.h">
      <Filter>UserInterface\Component</Filter>
    </ClInclude>
    <ClInclude Include="UserInterface\Command\Command.h">
      <Filter>UserInterface\Command</Filter>
    </ClInclude>
    <ClInclude Include="UserInterface\Command\CommandList.h">
      <Filter>UserInterface\Command</Filter>
    </ClInclude>
    <ClInclude Include="UserInterface\Command\CommandRegistry.h">
      <Filter>UserInterface\Command</Filter>
    </ClInclude>
    <ClInclude Include="UserInterface\Command\CommandType.h">
      <Filter>UserInterface\Command</Filter>
    </ClInclude>
    <ClInclude Include="UserInterface\UIHierarchy.h">
      <Filter>UserInterface</Filter>
    </ClInclude>
    <ClInclude Include="UserInterface\Component\ListArea.h">
      <Filter>UserInterface\Component</Filter>
    </ClInclude>
    <ClInclude Include="UserInterface\Component\Container.h">
      <Filter>UserInterface\Component</Filter>
    </ClInclude>
    <ClInclude Include="UserInterface\Component\Button.h">
      <Filter>UserInterface\Component</Filter>
    </ClInclude>
    <ClInclude Include="UserInterface\Component\RenderTexture.h">
      <Filter>UserInterface\Component</Filter>
    </ClInclude>
    <ClInclude Include="UserInterface\UIHelperClass.h">
      <Filter>UserInterface</Filter>
    </ClInclude>
    <ClInclude Include="UserInterface\Component\ScrollSlider.h">
      <Filter>UserInterface\Component</Filter>
    </ClInclude>
    <ClInclude Include="UserInterface\Component\ScrollBar.h">
      <Filter>UserInterface\Component</Filter>
    </ClInclude>
    <ClInclude Include="UserInterface\Component\ImageChanger.h">
      <Filter>UserInterface\Component</Filter>
    </ClInclude>
    <ClInclude Include="UserInterface\Component\ImageGrid.h">
      <Filter>UserInterface\Component</Filter>
    </ClInclude>
  </ItemGroup>
  <ItemGroup>
    <ClCompile Include="pch.cpp" />
    <ClCompile Include="GameMainLoop.cpp" />
    <ClCompile Include="Window.cpp" />
    <ClCompile Include="Utility.cpp" />
    <ClCompile Include="WindowProcedure.cpp" />
    <ClCompile Include="UserInterface\UILayout.cpp">
      <Filter>UserInterface</Filter>
    </ClCompile>
    <ClCompile Include="UserInterface\UIUtility.cpp">
      <Filter>UserInterface</Filter>
    </ClCompile>
    <ClCompile Include="MainLoopWndProc.cpp" />
    <ClCompile Include="MainLoop.cpp" />
    <ClCompile Include="Config.cpp" />
    <ClCompile Include="UserInterface\UIComponent.cpp">
      <Filter>UserInterface</Filter>
    </ClCompile>
    <ClCompile Include="UserInterface\UIType.cpp">
      <Filter>UserInterface</Filter>
    </ClCompile>
    <ClCompile Include="UserInterface\UITransform.cpp">
      <Filter>UserInterface</Filter>
    </ClCompile>
    <ClCompile Include="UserInterface\JsonOperation.cpp">
      <Filter>UserInterface</Filter>
    </ClCompile>
    <ClCompile Include="UserInterface\JsonOperation_impl.cpp">
      <Filter>UserInterface</Filter>
    </ClCompile>
    <ClCompile Include="UserInterface\JsonHelper.cpp">
      <Filter>UserInterface</Filter>
    </ClCompile>
    <ClCompile Include="UserInterface\EnumUtility.cpp">
      <Filter>UserInterface</Filter>
    </ClCompile>
    <ClCompile Include="InputManager.cpp" />
    <ClCompile Include="UserInterface\Component\Dialog.cpp">
      <Filter>UserInterface\Component</Filter>
    </ClCompile>
    <ClCompile Include="UserInterface\Component\ImageGrid1.cpp">
      <Filter>UserInterface\Component</Filter>
    </ClCompile>
    <ClCompile Include="UserInterface\Component\ImageGrid3.cpp">
      <Filter>UserInterface\Component</Filter>
    </ClCompile>
    <ClCompile Include="UserInterface\Component\ImageGrid9.cpp">
      <Filter>UserInterface\Component</Filter>
    </ClCompile>
    <ClCompile Include="UserInterface\Component\Panel.cpp">
      <Filter>UserInterface\Component</Filter>
    </ClCompile>
    <ClCompile Include="UserInterface\Component\TextArea.cpp">
      <Filter>UserInterface\Component</Filter>
    </ClCompile>
    <ClCompile Include="UserInterface\UIComponentEx.cpp">
      <Filter>UserInterface</Filter>
    </ClCompile>
    <ClCompile Include="UserInterface\Component\SampleComponent.cpp">
      <Filter>UserInterface\Component</Filter>
    </ClCompile>
    <ClCompile Include="UserInterface\Command\CommandList.cpp">
      <Filter>UserInterface\Command</Filter>
    </ClCompile>
    <ClCompile Include="UserInterface\Command\CommandRegistry.cpp">
      <Filter>UserInterface\Command</Filter>
    </ClCompile>
    <ClCompile Include="UserInterface\UIHierarchy.cpp">
      <Filter>UserInterface</Filter>
    </ClCompile>
    <ClCompile Include="UserInterface\Component\ListArea.cpp">
      <Filter>UserInterface\Component</Filter>
    </ClCompile>
    <ClCompile Include="UserInterface\Component\Container.cpp">
      <Filter>UserInterface\Component</Filter>
    </ClCompile>
    <ClCompile Include="UserInterface\Component\Button.cpp">
      <Filter>UserInterface\Component</Filter>
    </ClCompile>
    <ClCompile Include="UserInterface\Component\RenderTexture.cpp">
      <Filter>UserInterface\Component</Filter>
    </ClCompile>
    <ClCompile Include="UserInterface\UIHelperClass.cpp">
      <Filter>UserInterface</Filter>
    </ClCompile>
    <ClCompile Include="UserInterface\Component\ScrollSlider.cpp">
      <Filter>UserInterface\Component</Filter>
    </ClCompile>
    <ClCompile Include="UserInterface\Component\ScrollBar.cpp">
      <Filter>UserInterface\Component</Filter>
    </ClCompile>
    <ClCompile Include="UserInterface\Component\ImageChanger.cpp">
      <Filter>UserInterface\Component</Filter>
    </ClCompile>
    <ClCompile Include="UserInterface\Component\ImageGrid.cpp">
      <Filter>UserInterface\Component</Filter>
    </ClCompile>
  </ItemGroup>
  <ItemGroup>
    <ResourceCompile Include="resource.rc" />
  </ItemGroup>
  <ItemGroup>
    <Image Include="directx.ico">
      <Filter>Assets</Filter>
    </Image>
  </ItemGroup>
  <ItemGroup>
    <Manifest Include="settings.manifest">
      <Filter>Assets</Filter>
    </Manifest>
  </ItemGroup>
  <ItemGroup>
    <None Include="..\Resources\Tool\OpenRecentFiles.json">
      <Filter>Resources\Tool</Filter>
    </None>
    <None Include="..\Resources\Tool\Config.json">
      <Filter>Resources\Tool</Filter>
    </None>
    <None Include="..\Resources\UI\Texture\ExtractTexture.json">
      <Filter>Resources\UI\Texture</Filter>
    </None>
  </ItemGroup>
</Project>