<?xml version="1.0" encoding="utf-8"?>
<Project ToolsVersion="4.0" xmlns="http://schemas.microsoft.com/developer/msbuild/2003">
  <ItemGroup>
    <Filter Include="Common">
      <UniqueIdentifier>a5dbd24e-aee0-4be4-9557-fbe87b0c775a</UniqueIdentifier>
    </Filter>
    <Filter Include="Assets">
      <UniqueIdentifier>e24bdbef-5475-490b-b1c4-3eb2816f5db3</UniqueIdentifier>
      <Extensions>ico;cur;bmp;dds;dlg;fbx;rct;bin;rgs;gif;jpg;jpeg;jpe;resx;tga;tiff;tif;png;wav;mfcribbon-ms</Extensions>
    </Filter>
    <Filter Include="UserInterface">
      <UniqueIdentifier>{7d2930d3-03cc-4bfc-956f-bf8ef99a4472}</UniqueIdentifier>
    </Filter>
    <Filter Include="Resources">
      <UniqueIdentifier>{b118d2aa-8523-43d9-b617-b205a4a1d25b}</UniqueIdentifier>
    </Filter>
    <Filter Include="Resources\Tool">
      <UniqueIdentifier>{556a383a-b07e-4797-8ed9-cefd0861b90d}</UniqueIdentifier>
    </Filter>
    <Filter Include="Resources\UI">
      <UniqueIdentifier>{a4ac7f4d-e263-4d15-98c8-4bccb666a2d4}</UniqueIdentifier>
    </Filter>
    <Filter Include="Resources\UI\Texture">
      <UniqueIdentifier>{b1d2175f-6b69-4762-814c-776f15e91fe9}</UniqueIdentifier>
    </Filter>
    <Filter Include="UserInterface\Command">
      <UniqueIdentifier>{8095bd22-dd9e-443e-ac7d-edbdc3d9bae5}</UniqueIdentifier>
    </Filter>
    <Filter Include="UserInterface\UIComponent">
      <UniqueIdentifier>{699c8739-a17a-426b-919d-a41c2a0720e0}</UniqueIdentifier>
    </Filter>
    <Filter Include="UserInterface\UIComponent\Components">
      <UniqueIdentifier>{38daeccc-4d6c-4764-af27-14352fe2742c}</UniqueIdentifier>
    </Filter>
    <Filter Include="UserInterface\JsonOperation">
      <UniqueIdentifier>{020a7932-c2c6-4920-a17c-83730d5afeb3}</UniqueIdentifier>
    </Filter>
    <Filter Include="UserInterface\Command\UICommandList">
      <UniqueIdentifier>{de39c0e5-0931-4d4a-9551-cd7c988bb33c}</UniqueIdentifier>
    </Filter>
    <Filter Include="UserInterface\TextureResourceBinder">
      <UniqueIdentifier>{ad970e99-99e5-45d5-9313-ad0034f6e4dc}</UniqueIdentifier>
    </Filter>
    <Filter Include="UserInterface\Command\TexResCommandList">
      <UniqueIdentifier>{a3e5db05-a9d1-43c1-ab9f-521e59c11b04}</UniqueIdentifier>
    </Filter>
    <Filter Include="UserInterface\UIComponent\Components\PatchTexture">
      <UniqueIdentifier>{a66eb273-6dfc-452e-9c11-241024693edb}</UniqueIdentifier>
    </Filter>
    <Filter Include="UserInterface\UIComponent\Components\PatchTextureLite">
      <UniqueIdentifier>{1b102aaa-2f48-4bc1-ad3e-4b1d541cfe7d}</UniqueIdentifier>
    </Filter>
  </ItemGroup>
  <ItemGroup>
    <ClInclude Include="pch.h" />
    <ClInclude Include="StepTimer.h">
      <Filter>Common</Filter>
    </ClInclude>
    <ClInclude Include="d3dx12.h">
      <Filter>Common</Filter>
    </ClInclude>
    <ClInclude Include="GameMainLoop.h" />
    <ClInclude Include="Utility.h" />
    <ClInclude Include="Window.h" />
    <ClInclude Include="WindowProcedure.h" />
    <ClInclude Include="Locator.h" />
    <ClInclude Include="MainLoop.h" />
    <ClInclude Include="Config.h" />
    <ClInclude Include="InputManager.h" />
    <ClInclude Include="UserInterface\Command\Command.h">
      <Filter>UserInterface\Command</Filter>
    </ClInclude>
    <ClInclude Include="UserInterface\Command\CommandType.h">
      <Filter>UserInterface\Command</Filter>
    </ClInclude>
    <ClInclude Include="UserInterface\UIComponent\Components\Button.h">
      <Filter>UserInterface\UIComponent\Components</Filter>
    </ClInclude>
    <ClInclude Include="UserInterface\UIComponent\Components\Container.h">
      <Filter>UserInterface\UIComponent\Components</Filter>
    </ClInclude>
    <ClInclude Include="UserInterface\UIComponent\Components\Dialog.h">
      <Filter>UserInterface\UIComponent\Components</Filter>
    </ClInclude>
    <ClInclude Include="UserInterface\UIComponent\Components\TextureSwitcher.h">
      <Filter>UserInterface\UIComponent\Components</Filter>
    </ClInclude>
    <ClInclude Include="UserInterface\UIComponent\Components\ListArea.h">
      <Filter>UserInterface\UIComponent\Components</Filter>
    </ClInclude>
    <ClInclude Include="UserInterface\UIComponent\Components\Panel.h">
      <Filter>UserInterface\UIComponent\Components</Filter>
    </ClInclude>
    <ClInclude Include="UserInterface\UIComponent\Components\RenderTexture.h">
      <Filter>UserInterface\UIComponent\Components</Filter>
    </ClInclude>
    <ClInclude Include="UserInterface\UIComponent\Components\SampleComponent.h">
      <Filter>UserInterface\UIComponent\Components</Filter>
    </ClInclude>
    <ClInclude Include="UserInterface\UIComponent\Components\ScrollBar.h">
      <Filter>UserInterface\UIComponent\Components</Filter>
    </ClInclude>
    <ClInclude Include="UserInterface\UIComponent\Components\ScrollSlider.h">
      <Filter>UserInterface\UIComponent\Components</Filter>
    </ClInclude>
    <ClInclude Include="UserInterface\UIComponent\Components\TextArea.h">
      <Filter>UserInterface\UIComponent\Components</Filter>
    </ClInclude>
    <ClInclude Include="UserInterface\UIComponent\UIComponent.h">
      <Filter>UserInterface\UIComponent</Filter>
    </ClInclude>
    <ClInclude Include="UserInterface\UIComponent\UIComponentEx.h">
      <Filter>UserInterface\UIComponent</Filter>
    </ClInclude>
    <ClInclude Include="UserInterface\UIComponent\UIComponentFactory.h">
      <Filter>UserInterface\UIComponent</Filter>
    </ClInclude>
    <ClInclude Include="UserInterface\UIComponent\UIHelperClass.h">
      <Filter>UserInterface\UIComponent</Filter>
    </ClInclude>
    <ClInclude Include="UserInterface\UIComponent\UIHierarchy.h">
      <Filter>UserInterface\UIComponent</Filter>
    </ClInclude>
    <ClInclude Include="UserInterface\UIComponent\UILayout.h">
      <Filter>UserInterface\UIComponent</Filter>
    </ClInclude>
    <ClInclude Include="UserInterface\UIComponent\UITransform.h">
      <Filter>UserInterface\UIComponent</Filter>
    </ClInclude>
    <ClInclude Include="UserInterface\UIComponent\UIType.h">
      <Filter>UserInterface\UIComponent</Filter>
    </ClInclude>
    <ClInclude Include="UserInterface\UIComponent\UIUtility.h">
      <Filter>UserInterface\UIComponent</Filter>
    </ClInclude>
    <ClInclude Include="UserInterface\UIComponent\EnumUtility.h">
      <Filter>UserInterface\UIComponent</Filter>
    </ClInclude>
    <ClInclude Include="UserInterface\JsonOperation\JsonHelper.h">
      <Filter>UserInterface\JsonOperation</Filter>
    </ClInclude>
    <ClInclude Include="UserInterface\JsonOperation\JsonOperation.h">
      <Filter>UserInterface\JsonOperation</Filter>
    </ClInclude>
    <ClInclude Include="UserInterface\JsonOperation\JsonOperation.hpp">
      <Filter>UserInterface\JsonOperation</Filter>
    </ClInclude>
    <ClInclude Include="UserInterface\Command\CommandList.h">
      <Filter>UserInterface\Command</Filter>
    </ClInclude>
    <ClInclude Include="UserInterface\Command\UICommandList\UICommandList.h">
      <Filter>UserInterface\Command\UICommandList</Filter>
    </ClInclude>
    <ClInclude Include="UserInterface\Command\UICommandList\UICommandRegistry.h">
      <Filter>UserInterface\Command\UICommandList</Filter>
    </ClInclude>
    <ClInclude Include="UserInterface\TextureResourceBinder\TextureBinderHelper.h">
      <Filter>UserInterface\TextureResourceBinder</Filter>
    </ClInclude>
    <ClInclude Include="UserInterface\TextureResourceBinder\TextureFontInfo.h">
      <Filter>UserInterface\TextureResourceBinder</Filter>
    </ClInclude>
    <ClInclude Include="UserInterface\TextureResourceBinder\TextureInfo.h">
      <Filter>UserInterface\TextureResourceBinder</Filter>
    </ClInclude>
    <ClInclude Include="UserInterface\TextureResourceBinder\TextureLoadBinder.h">
      <Filter>UserInterface\TextureResourceBinder</Filter>
    </ClInclude>
    <ClInclude Include="UserInterface\TextureResourceBinder\TextureResourceBinder.h">
      <Filter>UserInterface\TextureResourceBinder</Filter>
    </ClInclude>
    <ClInclude Include="UserInterface\TextureResourceBinder\TextureSourceInfo.h">
      <Filter>UserInterface\TextureResourceBinder</Filter>
    </ClInclude>
    <ClInclude Include="UserInterface\Command\TexResCommandList\TexResCommandList.h">
      <Filter>UserInterface\Command\TexResCommandList</Filter>
    </ClInclude>
    <ClInclude Include="UserInterface\Command\TexResCommandList\TexResCommandRegistry.h">
      <Filter>UserInterface\Command\TexResCommandList</Filter>
    </ClInclude>
    <ClInclude Include="UserInterface\UIComponent\Components\PatchTexture\PatchTexture.h">
      <Filter>UserInterface\UIComponent\Components\PatchTexture</Filter>
    </ClInclude>
    <ClInclude Include="UserInterface\UIComponent\Components\PatchTexture\PatchTexture1.h">
      <Filter>UserInterface\UIComponent\Components\PatchTexture</Filter>
    </ClInclude>
    <ClInclude Include="UserInterface\UIComponent\Components\PatchTexture\PatchTexture3.h">
      <Filter>UserInterface\UIComponent\Components\PatchTexture</Filter>
    </ClInclude>
    <ClInclude Include="UserInterface\UIComponent\Components\PatchTexture\PatchTexture9.h">
      <Filter>UserInterface\UIComponent\Components\PatchTexture</Filter>
    </ClInclude>
    <ClInclude Include="UserInterface\UIComponent\Components\PatchTextureLite\PatchTextureLite1.h">
      <Filter>UserInterface\UIComponent\Components\PatchTextureLite</Filter>
    </ClInclude>
    <ClInclude Include="UserInterface\UIComponent\Components\PatchTextureLite\PatchTextureLite.h">
      <Filter>UserInterface\UIComponent\Components\PatchTextureLite</Filter>
    </ClInclude>
    <ClInclude Include="UserInterface\UIComponent\Components\PatchTextureLite\PatchTextureLite3.h">
      <Filter>UserInterface\UIComponent\Components\PatchTextureLite</Filter>
    </ClInclude>
    <ClInclude Include="UserInterface\UIComponent\Components\PatchTexture\PatchTextureImpl.h">
      <Filter>UserInterface\UIComponent\Components\PatchTexture</Filter>
    </ClInclude>
    <ClInclude Include="UserInterface\UIComponent\Components\PatchTexture\PatchTextureCoord.h">
      <Filter>UserInterface\UIComponent\Components\PatchTexture</Filter>
    </ClInclude>
    <ClInclude Include="UserInterface\UIComponent\Components\PatchTextureLite\PatchTextureLite9.h">
      <Filter>UserInterface\UIComponent\Components\PatchTextureLite</Filter>
    </ClInclude>
  </ItemGroup>
  <ItemGroup>
    <ClCompile Include="pch.cpp" />
    <ClCompile Include="GameMainLoop.cpp" />
    <ClCompile Include="Window.cpp" />
    <ClCompile Include="Utility.cpp" />
    <ClCompile Include="WindowProcedure.cpp" />
    <ClCompile Include="MainLoopWndProc.cpp" />
    <ClCompile Include="MainLoop.cpp" />
    <ClCompile Include="Config.cpp" />
    <ClCompile Include="InputManager.cpp" />
    <ClCompile Include="UserInterface\UIComponent\Components\Button.cpp">
      <Filter>UserInterface\UIComponent\Components</Filter>
    </ClCompile>
    <ClCompile Include="UserInterface\UIComponent\Components\Container.cpp">
      <Filter>UserInterface\UIComponent\Components</Filter>
    </ClCompile>
    <ClCompile Include="UserInterface\UIComponent\Components\Dialog.cpp">
      <Filter>UserInterface\UIComponent\Components</Filter>
    </ClCompile>
    <ClCompile Include="UserInterface\UIComponent\Components\TextureSwitcher.cpp">
      <Filter>UserInterface\UIComponent\Components</Filter>
    </ClCompile>
    <ClCompile Include="UserInterface\UIComponent\Components\ListArea.cpp">
      <Filter>UserInterface\UIComponent\Components</Filter>
    </ClCompile>
    <ClCompile Include="UserInterface\UIComponent\Components\Panel.cpp">
      <Filter>UserInterface\UIComponent\Components</Filter>
    </ClCompile>
    <ClCompile Include="UserInterface\UIComponent\Components\RenderTexture.cpp">
      <Filter>UserInterface\UIComponent\Components</Filter>
    </ClCompile>
    <ClCompile Include="UserInterface\UIComponent\Components\SampleComponent.cpp">
      <Filter>UserInterface\UIComponent\Components</Filter>
    </ClCompile>
    <ClCompile Include="UserInterface\UIComponent\Components\ScrollBar.cpp">
      <Filter>UserInterface\UIComponent\Components</Filter>
    </ClCompile>
    <ClCompile Include="UserInterface\UIComponent\Components\ScrollSlider.cpp">
      <Filter>UserInterface\UIComponent\Components</Filter>
    </ClCompile>
    <ClCompile Include="UserInterface\UIComponent\Components\TextArea.cpp">
      <Filter>UserInterface\UIComponent\Components</Filter>
    </ClCompile>
    <ClCompile Include="UserInterface\UIComponent\UIComponent.cpp">
      <Filter>UserInterface\UIComponent</Filter>
    </ClCompile>
    <ClCompile Include="UserInterface\UIComponent\UIComponentEx.cpp">
      <Filter>UserInterface\UIComponent</Filter>
    </ClCompile>
    <ClCompile Include="UserInterface\UIComponent\UIComponentFactory.cpp">
      <Filter>UserInterface\UIComponent</Filter>
    </ClCompile>
    <ClCompile Include="UserInterface\UIComponent\UIHelperClass.cpp">
      <Filter>UserInterface\UIComponent</Filter>
    </ClCompile>
    <ClCompile Include="UserInterface\UIComponent\UIHierarchy.cpp">
      <Filter>UserInterface\UIComponent</Filter>
    </ClCompile>
    <ClCompile Include="UserInterface\UIComponent\UILayout.cpp">
      <Filter>UserInterface\UIComponent</Filter>
    </ClCompile>
    <ClCompile Include="UserInterface\UIComponent\UITransform.cpp">
      <Filter>UserInterface\UIComponent</Filter>
    </ClCompile>
    <ClCompile Include="UserInterface\UIComponent\UIType.cpp">
      <Filter>UserInterface\UIComponent</Filter>
    </ClCompile>
    <ClCompile Include="UserInterface\UIComponent\UIUtility.cpp">
      <Filter>UserInterface\UIComponent</Filter>
    </ClCompile>
    <ClCompile Include="UserInterface\UIComponent\EnumUtility.cpp">
      <Filter>UserInterface\UIComponent</Filter>
    </ClCompile>
    <ClCompile Include="UserInterface\JsonOperation\JsonHelper.cpp">
      <Filter>UserInterface\JsonOperation</Filter>
    </ClCompile>
    <ClCompile Include="UserInterface\JsonOperation\JsonOperation.cpp">
      <Filter>UserInterface\JsonOperation</Filter>
    </ClCompile>
    <ClCompile Include="UserInterface\JsonOperation\JsonOperation_impl.cpp">
      <Filter>UserInterface\JsonOperation</Filter>
    </ClCompile>
    <ClCompile Include="UserInterface\Command\UICommandList\UICommandList.cpp">
      <Filter>UserInterface\Command\UICommandList</Filter>
    </ClCompile>
    <ClCompile Include="UserInterface\Command\UICommandList\UICommandRegistry.cpp">
      <Filter>UserInterface\Command\UICommandList</Filter>
    </ClCompile>
    <ClCompile Include="UserInterface\TextureResourceBinder\TextureBinderHelper.cpp">
      <Filter>UserInterface\TextureResourceBinder</Filter>
    </ClCompile>
    <ClCompile Include="UserInterface\TextureResourceBinder\TextureFontInfo.cpp">
      <Filter>UserInterface\TextureResourceBinder</Filter>
    </ClCompile>
    <ClCompile Include="UserInterface\TextureResourceBinder\TextureInfo.cpp">
      <Filter>UserInterface\TextureResourceBinder</Filter>
    </ClCompile>
    <ClCompile Include="UserInterface\TextureResourceBinder\TextureLoadBinder.cpp">
      <Filter>UserInterface\TextureResourceBinder</Filter>
    </ClCompile>
    <ClCompile Include="UserInterface\TextureResourceBinder\TextureResourceBinder.cpp">
      <Filter>UserInterface\TextureResourceBinder</Filter>
    </ClCompile>
    <ClCompile Include="UserInterface\TextureResourceBinder\TextureSourceInfo.cpp">
      <Filter>UserInterface\TextureResourceBinder</Filter>
    </ClCompile>
    <ClCompile Include="UserInterface\Command\TexResCommandList\TexResCommandList.cpp">
      <Filter>UserInterface\Command\TexResCommandList</Filter>
    </ClCompile>
    <ClCompile Include="UserInterface\Command\TexResCommandList\TexResCommandRegistry.cpp">
      <Filter>UserInterface\Command\TexResCommandList</Filter>
    </ClCompile>
    <ClCompile Include="UserInterface\UIComponent\Components\PatchTexture\PatchTexture.cpp">
      <Filter>UserInterface\UIComponent\Components\PatchTexture</Filter>
    </ClCompile>
    <ClCompile Include="UserInterface\UIComponent\Components\PatchTexture\PatchTexture1.cpp">
      <Filter>UserInterface\UIComponent\Components\PatchTexture</Filter>
    </ClCompile>
    <ClCompile Include="UserInterface\UIComponent\Components\PatchTexture\PatchTexture3.cpp">
      <Filter>UserInterface\UIComponent\Components\PatchTexture</Filter>
    </ClCompile>
    <ClCompile Include="UserInterface\UIComponent\Components\PatchTexture\PatchTexture9.cpp">
      <Filter>UserInterface\UIComponent\Components\PatchTexture</Filter>
    </ClCompile>
    <ClCompile Include="UserInterface\UIComponent\Components\PatchTextureLite\PatchTextureLite1.cpp">
      <Filter>UserInterface\UIComponent\Components\PatchTextureLite</Filter>
    </ClCompile>
    <ClCompile Include="UserInterface\UIComponent\Components\PatchTextureLite\PatchTextureLite.cpp">
      <Filter>UserInterface\UIComponent\Components\PatchTextureLite</Filter>
    </ClCompile>
    <ClCompile Include="UserInterface\UIComponent\Components\PatchTextureLite\PatchTextureLite3.cpp">
      <Filter>UserInterface\UIComponent\Components\PatchTextureLite</Filter>
    </ClCompile>
    <ClCompile Include="UserInterface\UIComponent\Components\PatchTexture\PatchTextureImpl.cpp">
      <Filter>UserInterface\UIComponent\Components\PatchTexture</Filter>
    </ClCompile>
    <ClCompile Include="UserInterface\UIComponent\Components\PatchTexture\PatchTextureCoord.cpp">
      <Filter>UserInterface\UIComponent\Components\PatchTexture</Filter>
    </ClCompile>
    <ClCompile Include="UserInterface\UIComponent\Components\PatchTextureLite\PatchTextureLite9.cpp">
      <Filter>UserInterface\UIComponent\Components\PatchTextureLite</Filter>
    </ClCompile>
  </ItemGroup>
  <ItemGroup>
    <ResourceCompile Include="resource.rc" />
  </ItemGroup>
  <ItemGroup>
    <Image Include="directx.ico">
      <Filter>Assets</Filter>
    </Image>
  </ItemGroup>
  <ItemGroup>
    <Manifest Include="settings.manifest">
      <Filter>Assets</Filter>
    </Manifest>
  </ItemGroup>
  <ItemGroup>
    <None Include="..\Resources\Tool\OpenRecentFiles.json">
      <Filter>Resources\Tool</Filter>
    </None>
    <None Include="..\Resources\Tool\Config.json">
      <Filter>Resources\Tool</Filter>
    </None>
    <None Include="..\Resources\UI\Texture\ExtractTexture.json">
      <Filter>Resources\UI\Texture</Filter>
    </None>
  </ItemGroup>
</Project>