<?xml version="1.0" encoding="utf-8"?>
<Project ToolsVersion="4.0" xmlns="http://schemas.microsoft.com/developer/msbuild/2003">
  <ItemGroup>
    <ClInclude Include="pch.h" />
    <ClInclude Include="Utils\Common.h">
      <Filter>Utils</Filter>
    </ClInclude>
    <ClInclude Include="Utils\Profiler.h">
      <Filter>Utils</Filter>
    </ClInclude>
    <ClInclude Include="Utils\GeometryExt.h">
      <Filter>Utils</Filter>
    </ClInclude>
    <ClInclude Include="Utils\StlTypeExt.hpp">
      <Filter>Utils</Filter>
    </ClInclude>
    <ClInclude Include="Utils\StlExt.h">
      <Filter>Utils</Filter>
    </ClInclude>
    <ClInclude Include="Utils\StlExtTraitsConcepts.hpp">
      <Filter>Utils</Filter>
    </ClInclude>
    <ClInclude Include="Utils\StringExt.h">
      <Filter>Utils</Filter>
    </ClInclude>
    <ClInclude Include="Window\Window.h">
      <Filter>Window</Filter>
    </ClInclude>
    <ClInclude Include="Window\WindowProcedure.h">
      <Filter>Window</Filter>
    </ClInclude>
  </ItemGroup>
  <ItemGroup>
    <ClCompile Include="pch.cpp" />
    <ClCompile Include="Utils\Profiler.cpp">
      <Filter>Utils</Filter>
    </ClCompile>
    <ClCompile Include="Utils\GeometryExt.cpp">
      <Filter>Utils</Filter>
    </ClCompile>
    <ClCompile Include="Utils\StlExt.cpp">
      <Filter>Utils</Filter>
    </ClCompile>
    <ClCompile Include="Utils\StringExt.cpp">
      <Filter>Utils</Filter>
    </ClCompile>
    <ClCompile Include="Window\Window.cpp">
      <Filter>Window</Filter>
    </ClCompile>
    <ClCompile Include="Window\WindowProcedure.cpp">
      <Filter>Window</Filter>
    </ClCompile>
  </ItemGroup>
  <ItemGroup>
    <Filter Include="Utils">
      <UniqueIdentifier>{afeeacd9-29a4-467b-a9b5-02e9f5c511d8}</UniqueIdentifier>
    </Filter>
    <Filter Include="Window">
      <UniqueIdentifier>{7ce5a08c-2bc0-4572-9fcc-40c1356c1caa}</UniqueIdentifier>
    </Filter>
  </ItemGroup>
</Project>