<?xml version="1.0" encoding="utf-8"?>
<Project ToolsVersion="4.0" xmlns="http://schemas.microsoft.com/developer/msbuild/2003">
  <ItemGroup>
    <ClCompile Include="CoreTest.cpp" />
    <ClCompile Include="CoreTestFixture.cpp" />
    <ClCompile Include="ToyTest.cpp" />
    <ClCompile Include="pch.cpp" />
    <ClCompile Include="TestMain.cpp" />
    <ClCompile Include="TestUtility.cpp" />
    <ClCompile Include="TestHelper.cpp" />
    <ClCompile Include="ComponentTest\BasicComponentTest.cpp">
      <Filter>ComponentTest</Filter>
    </ClCompile>
    <ClCompile Include="ComponentTest\ComplexComponentTest.cpp">
      <Filter>ComponentTest</Filter>
    </ClCompile>
    <ClCompile Include="ComponentTest\IntegrationComponentTest.cpp">
      <Filter>ComponentTest</Filter>
    </ClCompile>
    <ClCompile Include="UserInterfaceTest\UndoRedoTest.cpp">
      <Filter>UserInterfaceTest</Filter>
    </ClCompile>
    <ClCompile Include="TextureSourceBinderTest\TextureSourceBinderTest.cpp" />
    <ClCompile Include="ComponentTest\TextureSwitcherComponentTest.cpp">
      <Filter>ComponentTest</Filter>
    </ClCompile>
    <ClCompile Include="ComponentTest\ContainerComponentTest.cpp">
      <Filter>ComponentTest</Filter>
    </ClCompile>
    <ClCompile Include="UserInterfaceTest\TracyBenchmarkTest.cpp">
      <Filter>UserInterfaceTest</Filter>
    </ClCompile>
    <ClCompile Include="ToyFixture.cpp" />
    <ClCompile Include="Mocks\MockRenderer.cpp">
      <Filter>Mocks</Filter>
    </ClCompile>
    <ClCompile Include="CodeLab\CodeLab.cpp">
      <Filter>CodeLab</Filter>
    </ClCompile>
    <ClCompile Include="CodeLab\PracticeTest_Pattern.cpp">
      <Filter>CodeLab</Filter>
    </ClCompile>
    <ClCompile Include="CodeLab\ClientUtility.cpp">
      <Filter>CodeLab</Filter>
    </ClCompile>
  </ItemGroup>
  <ItemGroup>
    <ClInclude Include="CoreTestFixture.h" />
    <ClInclude Include="IMockRenderer.h" />
    <ClInclude Include="pch.h" />
    <ClInclude Include="TestMain.h" />
    <ClInclude Include="TestUtility.h" />
    <ClInclude Include="TestHelper.h" />
    <ClInclude Include="ToyFixture.h" />
    <ClInclude Include="Mocks\Stubs\Include\IRendererStub.h">
      <Filter>Mocks\Stubs\Include</Filter>
    </ClInclude>
    <ClInclude Include="Mocks\MockRenderer.h">
      <Filter>Mocks</Filter>
    </ClInclude>
  </ItemGroup>
  <ItemGroup>
    <Filter Include="Resources">
      <UniqueIdentifier>{e8227c53-de4b-46e8-9bc0-fc4e2cffa886}</UniqueIdentifier>
    </Filter>
    <Filter Include="Resources\Test">
      <UniqueIdentifier>{ada32c62-fb7c-44b8-a2b1-d2111482cacd}</UniqueIdentifier>
    </Filter>
    <Filter Include="Resources\Test\Data">
      <UniqueIdentifier>{0f7f180e-4b95-4726-8d63-07cc408c7dd1}</UniqueIdentifier>
    </Filter>
    <Filter Include="ComponentTest">
      <UniqueIdentifier>{e41c47f8-ef45-4072-97e0-377ca418d8cd}</UniqueIdentifier>
    </Filter>
    <Filter Include="UserInterfaceTest">
      <UniqueIdentifier>{199ab388-f9e5-450b-a195-7b017ca0e336}</UniqueIdentifier>
    </Filter>
    <Filter Include="TextureResourceBinderTest">
      <UniqueIdentifier>{e3c60e9c-8593-4b4b-8775-7254584619de}</UniqueIdentifier>
    </Filter>
    <Filter Include="Mocks">
      <UniqueIdentifier>{d282f695-392c-4846-ad3a-0aabc2ee8151}</UniqueIdentifier>
    </Filter>
    <Filter Include="Mocks\Stubs">
      <UniqueIdentifier>{15f7f71f-e9d1-44e8-bf22-19260aedbe62}</UniqueIdentifier>
    </Filter>
    <Filter Include="Mocks\Stubs\Include">
      <UniqueIdentifier>{7a1395a0-7c26-46a8-84cc-28aeb905c270}</UniqueIdentifier>
    </Filter>
    <Filter Include="CodeLab">
      <UniqueIdentifier>{d686dc8f-54b7-43c7-8831-578a839adf89}</UniqueIdentifier>
    </Filter>
  </ItemGroup>
  <ItemGroup>
    <None Include="..\Resources\Test\Data\JOPTest.json">
      <Filter>Resources\Test\Data</Filter>
    </None>
    <None Include="..\Resources\Test\Data\JsonSerializeTest.json">
      <Filter>Resources\Test\Data</Filter>
    </None>
  </ItemGroup>
</Project>