<?xml version="1.0" encoding="utf-8"?>
<Project ToolsVersion="4.0" xmlns="http://schemas.microsoft.com/developer/msbuild/2003">
  <ItemGroup>
    <ClCompile Include="CoreTest.cpp" />
    <ClCompile Include="CoreTestFixture.cpp" />
    <ClCompile Include="PracticeTest.cpp" />
    <ClCompile Include="ToolTest.cpp" />
    <ClCompile Include="ToyTest.cpp" />
    <ClCompile Include="pch.cpp" />
    <ClCompile Include="TestMain.cpp" />
    <ClCompile Include="ToyTestFixture.cpp" />
    <ClCompile Include="Utility.cpp" />
    <ClCompile Include="TestHelper.cpp" />
    <ClCompile Include="JsonSerializeTest.cpp" />
    <ClCompile Include="PracticeTest_Pattern.cpp" />
    <ClCompile Include="ComponentTest\BasicComponentTest.cpp">
      <Filter>ComponentTest</Filter>
    </ClCompile>
    <ClCompile Include="ComponentTest\ComplexComponentTest.cpp">
      <Filter>ComponentTest</Filter>
    </ClCompile>
    <ClCompile Include="ComponentTest\IntegrationComponentTest.cpp">
      <Filter>ComponentTest</Filter>
    </ClCompile>
  </ItemGroup>
  <ItemGroup>
    <ClInclude Include="CoreTestFixture.h" />
    <ClInclude Include="IMockRenderer.h" />
    <ClInclude Include="pch.h" />
    <ClInclude Include="TestMain.h" />
    <ClInclude Include="ToyTestFixture.h" />
    <ClInclude Include="Utility.h" />
    <ClInclude Include="TestHelper.h" />
  </ItemGroup>
  <ItemGroup>
    <Filter Include="Resources">
      <UniqueIdentifier>{e8227c53-de4b-46e8-9bc0-fc4e2cffa886}</UniqueIdentifier>
    </Filter>
    <Filter Include="Resources\Test">
      <UniqueIdentifier>{ada32c62-fb7c-44b8-a2b1-d2111482cacd}</UniqueIdentifier>
    </Filter>
    <Filter Include="Resources\Test\Data">
      <UniqueIdentifier>{0f7f180e-4b95-4726-8d63-07cc408c7dd1}</UniqueIdentifier>
    </Filter>
    <Filter Include="ComponentTest">
      <UniqueIdentifier>{e41c47f8-ef45-4072-97e0-377ca418d8cd}</UniqueIdentifier>
    </Filter>
  </ItemGroup>
  <ItemGroup>
    <None Include="..\Resources\Test\Data\JOPTest.json">
      <Filter>Resources\Test\Data</Filter>
    </None>
    <None Include="..\Resources\Test\Data\JsonSerializeTest.json">
      <Filter>Resources\Test\Data</Filter>
    </None>
  </ItemGroup>
</Project>